{
  "version": 4,
  "terraform_version": "0.14.10",
  "serial": 135,
  "lineage": "d0699339-8e96-3192-dbf2-3a81f9a9893f",
  "outputs": {
    "lb_dns": {
      "value": "saleschamp-alb-657386765.us-west-1.elb.amazonaws.com",
      "type": "string"
    },
    "public_ip": {
      "value": [
        "13.52.179.6",
        "52.53.247.37"
      ],
      "type": [
        "tuple",
        [
          "string",
          "string"
        ]
      ]
    }
  },
  "resources": [
    {
      "mode": "data",
      "type": "template_file",
      "name": "user_data",
      "provider": "provider[\"registry.terraform.io/hashicorp/template\"]",
      "instances": [
        {
          "schema_version": 0,
          "attributes": {
            "filename": null,
            "id": "787f14f29f29ae422eb9d8a1af9b277dff306f69bb12527c45f4dbc669c7409e",
            "rendered": "#!/bin/bash\n\n# Setup Updates\napt-get update -y\n\n# Install Curl for the next action \napt install curl git nginx -y\n\n# Configure Git\ngit config --global user.name \"saleschamp\"\ngit config --global user.email samuelanyaele@gmail.com\ngit config --global pull.rebase false\n\n# Download and run nvm installer\ncurl -o- https://raw.githubusercontent.com/nvm-sh/nvm/v0.38.0/install.sh | bash\n\n# Load NVM\n. ~/.nvm/nvm.sh\n\n\n# Install LTS Version of Node\nnvm install node\n\nmkdir ~/sites\ncd ~/sites\n\n# Clone the SalesChamp repo\ngit clone https://github.com/themobileprof/saleschamp.git ~/sites/saleschamp\n\n# Install PM\nnpm install pm2@latest -g\n\n\n# Run The NodeJS App in the background\npm2 start ~/sites/saleschamp/app.js\npm2 save\n\n# Setup Nginx and SSH to allow on firewall\nufw allow 443/tcp\nufw allow 80/tcp\nufw allow 5000/tcp\nufw allow ssh\n\n\n# Configure Nginx\ncat \u003c\u003cEOF \u003e /etc/nginx/sites-available/saleschamp\nserver {\n\tlisten 80 default_server;\n\n\tlocation / {\n        proxy_pass http://localhost:5000;\n        proxy_http_version 1.1;\n        proxy_set_header Upgrade $http_upgrade;\n        proxy_set_header Connection 'upgrade';\n        proxy_set_header Host $host;\n        proxy_cache_bypass $http_upgrade;\n    }\n}\nEOF\n\n# Enable website\nln -s /etc/nginx/sites-available/saleschamp /etc/nginx/sites-enabled/\n\n\n# Restart Nginx\nsystemctl restart nginx\n\n",
            "template": "#!/bin/bash\n\n# Setup Updates\napt-get update -y\n\n# Install Curl for the next action \napt install curl git nginx -y\n\n# Configure Git\ngit config --global user.name \"saleschamp\"\ngit config --global user.email samuelanyaele@gmail.com\ngit config --global pull.rebase false\n\n# Download and run nvm installer\ncurl -o- https://raw.githubusercontent.com/nvm-sh/nvm/v0.38.0/install.sh | bash\n\n# Load NVM\n. ~/.nvm/nvm.sh\n\n\n# Install LTS Version of Node\nnvm install node\n\nmkdir ~/sites\ncd ~/sites\n\n# Clone the SalesChamp repo\ngit clone https://github.com/themobileprof/saleschamp.git ~/sites/saleschamp\n\n# Install PM\nnpm install pm2@latest -g\n\n\n# Run The NodeJS App in the background\npm2 start ~/sites/saleschamp/app.js\npm2 save\n\n# Setup Nginx and SSH to allow on firewall\nufw allow 443/tcp\nufw allow 80/tcp\nufw allow 5000/tcp\nufw allow ssh\n\n\n# Configure Nginx\ncat \u003c\u003cEOF \u003e /etc/nginx/sites-available/saleschamp\nserver {\n\tlisten 80 default_server;\n\n\tlocation / {\n        proxy_pass http://localhost:5000;\n        proxy_http_version 1.1;\n        proxy_set_header Upgrade $http_upgrade;\n        proxy_set_header Connection 'upgrade';\n        proxy_set_header Host $host;\n        proxy_cache_bypass $http_upgrade;\n    }\n}\nEOF\n\n# Enable website\nln -s /etc/nginx/sites-available/saleschamp /etc/nginx/sites-enabled/\n\n\n# Restart Nginx\nsystemctl restart nginx\n\n",
            "vars": null
          },
          "sensitive_attributes": []
        }
      ]
    },
    {
      "mode": "managed",
      "type": "aws_autoscaling_attachment",
      "name": "saleschamp",
      "provider": "provider[\"registry.terraform.io/hashicorp/aws\"]",
      "instances": [
        {
          "schema_version": 0,
          "attributes": {
            "alb_target_group_arn": "arn:aws:elasticloadbalancing:us-west-1:706924219932:targetgroup/saleschamp-http-vpc/d8eff57ff9777a71",
            "autoscaling_group_name": "tf-asg-20210527182401732700000003",
            "elb": null,
            "id": "tf-asg-20210527182401732700000003-20210527182631456500000006"
          },
          "sensitive_attributes": [],
          "private": "bnVsbA==",
          "dependencies": [
            "aws_autoscaling_group.saleschamp-aasg",
            "aws_launch_template.saleschamp-autoscaling",
            "aws_lb.alb",
            "aws_lb_target_group.saleschamp",
            "aws_s3_bucket.lb_logs",
            "aws_security_group.front-security",
            "data.template_file.user_data",
            "module.vpc.aws_subnet.public",
            "module.vpc.aws_vpc.this",
            "module.vpc.aws_vpc_ipv4_cidr_block_association.this"
          ]
        }
      ]
    },
    {
      "mode": "managed",
      "type": "aws_autoscaling_group",
      "name": "saleschamp-aasg",
      "provider": "provider[\"registry.terraform.io/hashicorp/aws\"]",
      "instances": [
        {
          "schema_version": 0,
          "attributes": {
            "arn": "arn:aws:autoscaling:us-west-1:706924219932:autoScalingGroup:4518fb33-fdd6-40cf-b27c-34c787e7c8ea:autoScalingGroupName/tf-asg-20210527182401732700000003",
            "availability_zones": [
              "us-west-1b",
              "us-west-1c"
            ],
            "capacity_rebalance": false,
            "default_cooldown": 300,
            "desired_capacity": 2,
            "enabled_metrics": [],
            "force_delete": true,
            "health_check_grace_period": 300,
            "health_check_type": "ELB",
            "id": "tf-asg-20210527182401732700000003",
            "initial_lifecycle_hook": [],
            "instance_refresh": [],
            "launch_configuration": "",
            "launch_template": [
              {
                "id": "lt-0b23aacb02c54ebc5",
                "name": "saleschamp-as-20210527182355944700000001",
                "version": ""
              }
            ],
            "load_balancers": [],
            "max_instance_lifetime": 0,
            "max_size": 4,
            "metrics_granularity": "1Minute",
            "min_elb_capacity": null,
            "min_size": 1,
            "mixed_instances_policy": [],
            "name": "tf-asg-20210527182401732700000003",
            "name_prefix": null,
            "placement_group": "",
            "protect_from_scale_in": false,
            "service_linked_role_arn": "arn:aws:iam::706924219932:role/aws-service-role/autoscaling.amazonaws.com/AWSServiceRoleForAutoScaling",
            "suspended_processes": [],
            "tag": [],
            "tags": null,
            "target_group_arns": [
              "arn:aws:elasticloadbalancing:us-west-1:706924219932:targetgroup/saleschamp-http-vpc/d8eff57ff9777a71"
            ],
            "termination_policies": [],
            "timeouts": {
              "delete": "15m"
            },
            "vpc_zone_identifier": [
              "subnet-0a608ad5e0d1f58dd",
              "subnet-0f0b627693c057b01"
            ],
            "wait_for_capacity_timeout": "10m",
            "wait_for_elb_capacity": null
          },
          "sensitive_attributes": [],
          "private": "eyJlMmJmYjczMC1lY2FhLTExZTYtOGY4OC0zNDM2M2JjN2M0YzAiOnsiZGVsZXRlIjo5MDAwMDAwMDAwMDB9fQ==",
          "dependencies": [
            "aws_launch_template.saleschamp-autoscaling",
            "aws_security_group.front-security",
            "data.template_file.user_data",
            "module.vpc.aws_subnet.public",
            "module.vpc.aws_vpc.this",
            "module.vpc.aws_vpc_ipv4_cidr_block_association.this"
          ]
        }
      ]
    },
    {
      "mode": "managed",
      "type": "aws_instance",
      "name": "web",
      "provider": "provider[\"registry.terraform.io/hashicorp/aws\"]",
      "instances": [
        {
          "index_key": 0,
          "schema_version": 1,
          "attributes": {
            "ami": "ami-0eb9c3d4a1f2f6bf8",
            "arn": "arn:aws:ec2:us-west-1:706924219932:instance/i-04be0df9c33907edf",
            "associate_public_ip_address": true,
            "availability_zone": "us-west-1b",
            "cpu_core_count": 1,
            "cpu_threads_per_core": 1,
            "credit_specification": [
              {
                "cpu_credits": "standard"
              }
            ],
            "disable_api_termination": false,
            "ebs_block_device": [
              {
                "delete_on_termination": false,
                "device_name": "/dev/sdh",
                "encrypted": false,
                "iops": 100,
                "kms_key_id": "",
                "snapshot_id": "",
                "tags": {},
                "throughput": 0,
                "volume_id": "vol-0bab3e2b3e3c19f31",
                "volume_size": 5,
                "volume_type": "gp2"
              }
            ],
            "ebs_optimized": false,
            "enclave_options": [
              {
                "enabled": false
              }
            ],
            "ephemeral_block_device": [],
            "get_password_data": false,
            "hibernation": false,
            "host_id": null,
            "iam_instance_profile": "",
            "id": "i-04be0df9c33907edf",
            "instance_initiated_shutdown_behavior": null,
            "instance_state": "running",
            "instance_type": "t2.micro",
            "ipv6_address_count": 0,
            "ipv6_addresses": [],
            "key_name": "",
            "metadata_options": [
              {
                "http_endpoint": "enabled",
                "http_put_response_hop_limit": 1,
                "http_tokens": "optional"
              }
            ],
            "monitoring": false,
            "network_interface": [],
            "outpost_arn": "",
            "password_data": "",
            "placement_group": "",
            "primary_network_interface_id": "eni-026f2eddd98f0777e",
            "private_dns": "ip-10-0-101-211.us-west-1.compute.internal",
            "private_ip": "10.0.101.211",
            "public_dns": "",
            "public_ip": "13.52.179.6",
            "root_block_device": [
              {
                "delete_on_termination": true,
                "device_name": "/dev/sda1",
                "encrypted": false,
                "iops": 100,
                "kms_key_id": "",
                "tags": {},
                "throughput": 0,
                "volume_id": "vol-03b38c69db1ef13c5",
                "volume_size": 8,
                "volume_type": "gp2"
              }
            ],
            "secondary_private_ips": [],
            "security_groups": [],
            "source_dest_check": true,
            "subnet_id": "subnet-0a608ad5e0d1f58dd",
            "tags": {
              "Name": "saleschamp-vm-0"
            },
            "tenancy": "default",
            "timeouts": null,
            "user_data": "cd5d2333173bc96b0d6c96cd66103cf9b90a4657",
            "user_data_base64": null,
            "volume_tags": null,
            "vpc_security_group_ids": [
              "sg-06331706e61bd66fd",
              "sg-084c6eb7fa4a043b7"
            ]
          },
          "sensitive_attributes": [],
          "private": "eyJlMmJmYjczMC1lY2FhLTExZTYtOGY4OC0zNDM2M2JjN2M0YzAiOnsiY3JlYXRlIjo2MDAwMDAwMDAwMDAsImRlbGV0ZSI6MTIwMDAwMDAwMDAwMCwidXBkYXRlIjo2MDAwMDAwMDAwMDB9LCJzY2hlbWFfdmVyc2lvbiI6IjEifQ==",
          "dependencies": [
            "aws_key_pair.deployer",
            "aws_security_group.back-security",
            "aws_security_group.front-security",
            "data.template_file.user_data",
            "module.vpc.aws_subnet.public",
            "module.vpc.aws_vpc.this",
            "module.vpc.aws_vpc_ipv4_cidr_block_association.this"
          ]
        },
        {
          "index_key": 1,
          "schema_version": 1,
          "attributes": {
            "ami": "ami-0eb9c3d4a1f2f6bf8",
            "arn": "arn:aws:ec2:us-west-1:706924219932:instance/i-0e994518cf15d3437",
            "associate_public_ip_address": true,
            "availability_zone": "us-west-1c",
            "cpu_core_count": 1,
            "cpu_threads_per_core": 1,
            "credit_specification": [
              {
                "cpu_credits": "standard"
              }
            ],
            "disable_api_termination": false,
            "ebs_block_device": [
              {
                "delete_on_termination": false,
                "device_name": "/dev/sdh",
                "encrypted": false,
                "iops": 100,
                "kms_key_id": "",
                "snapshot_id": "",
                "tags": {},
                "throughput": 0,
                "volume_id": "vol-0e6bf4cf1158ddbbe",
                "volume_size": 5,
                "volume_type": "gp2"
              }
            ],
            "ebs_optimized": false,
            "enclave_options": [
              {
                "enabled": false
              }
            ],
            "ephemeral_block_device": [],
            "get_password_data": false,
            "hibernation": false,
            "host_id": null,
            "iam_instance_profile": "",
            "id": "i-0e994518cf15d3437",
            "instance_initiated_shutdown_behavior": null,
            "instance_state": "running",
            "instance_type": "t2.micro",
            "ipv6_address_count": 0,
            "ipv6_addresses": [],
            "key_name": "",
            "metadata_options": [
              {
                "http_endpoint": "enabled",
                "http_put_response_hop_limit": 1,
                "http_tokens": "optional"
              }
            ],
            "monitoring": false,
            "network_interface": [],
            "outpost_arn": "",
            "password_data": "",
            "placement_group": "",
            "primary_network_interface_id": "eni-0a6ca59e395f69ddf",
            "private_dns": "ip-10-0-102-170.us-west-1.compute.internal",
            "private_ip": "10.0.102.170",
            "public_dns": "",
            "public_ip": "52.53.247.37",
            "root_block_device": [
              {
                "delete_on_termination": true,
                "device_name": "/dev/sda1",
                "encrypted": false,
                "iops": 100,
                "kms_key_id": "",
                "tags": {},
                "throughput": 0,
                "volume_id": "vol-0bc382400af0a58b8",
                "volume_size": 8,
                "volume_type": "gp2"
              }
            ],
            "secondary_private_ips": [],
            "security_groups": [],
            "source_dest_check": true,
            "subnet_id": "subnet-0f0b627693c057b01",
            "tags": {
              "Name": "saleschamp-vm-1"
            },
            "tenancy": "default",
            "timeouts": null,
            "user_data": "cd5d2333173bc96b0d6c96cd66103cf9b90a4657",
            "user_data_base64": null,
            "volume_tags": null,
            "vpc_security_group_ids": [
              "sg-06331706e61bd66fd",
              "sg-084c6eb7fa4a043b7"
            ]
          },
          "sensitive_attributes": [],
          "private": "eyJlMmJmYjczMC1lY2FhLTExZTYtOGY4OC0zNDM2M2JjN2M0YzAiOnsiY3JlYXRlIjo2MDAwMDAwMDAwMDAsImRlbGV0ZSI6MTIwMDAwMDAwMDAwMCwidXBkYXRlIjo2MDAwMDAwMDAwMDB9LCJzY2hlbWFfdmVyc2lvbiI6IjEifQ==",
          "dependencies": [
            "aws_key_pair.deployer",
            "aws_security_group.back-security",
            "aws_security_group.front-security",
            "data.template_file.user_data",
            "module.vpc.aws_subnet.public",
            "module.vpc.aws_vpc.this",
            "module.vpc.aws_vpc_ipv4_cidr_block_association.this"
          ]
        }
      ]
    },
    {
      "mode": "managed",
      "type": "aws_launch_template",
      "name": "saleschamp-autoscaling",
      "provider": "provider[\"registry.terraform.io/hashicorp/aws\"]",
      "instances": [
        {
          "schema_version": 0,
          "attributes": {
            "arn": "arn:aws:ec2:us-west-1:706924219932:launch-template/lt-0b23aacb02c54ebc5",
            "block_device_mappings": [],
            "capacity_reservation_specification": [],
            "cpu_options": [],
            "credit_specification": [],
            "default_version": 1,
            "description": "",
            "disable_api_termination": false,
            "ebs_optimized": "",
            "elastic_gpu_specifications": [],
            "elastic_inference_accelerator": [],
            "enclave_options": [],
            "hibernation_options": [],
            "iam_instance_profile": [],
            "id": "lt-0b23aacb02c54ebc5",
            "image_id": "ami-0eb9c3d4a1f2f6bf8",
            "instance_initiated_shutdown_behavior": "terminate",
            "instance_market_options": [],
            "instance_type": "t2.micro",
            "kernel_id": "",
            "key_name": "",
            "latest_version": 1,
            "license_specification": [],
            "metadata_options": [],
            "monitoring": [],
            "name": "saleschamp-as-20210527182355944700000001",
            "name_prefix": "saleschamp-as-",
            "network_interfaces": [],
            "placement": [],
            "ram_disk_id": "",
            "security_group_names": [],
            "tag_specifications": [],
            "tags": {},
            "update_default_version": null,
            "user_data": "IyEvYmluL2Jhc2gKCiMgU2V0dXAgVXBkYXRlcwphcHQtZ2V0IHVwZGF0ZSAteQoKIyBJbnN0YWxsIEN1cmwgZm9yIHRoZSBuZXh0IGFjdGlvbiAKYXB0IGluc3RhbGwgY3VybCBnaXQgbmdpbnggLXkKCiMgQ29uZmlndXJlIEdpdApnaXQgY29uZmlnIC0tZ2xvYmFsIHVzZXIubmFtZSAic2FsZXNjaGFtcCIKZ2l0IGNvbmZpZyAtLWdsb2JhbCB1c2VyLmVtYWlsIHNhbXVlbGFueWFlbGVAZ21haWwuY29tCmdpdCBjb25maWcgLS1nbG9iYWwgcHVsbC5yZWJhc2UgZmFsc2UKCiMgRG93bmxvYWQgYW5kIHJ1biBudm0gaW5zdGFsbGVyCmN1cmwgLW8tIGh0dHBzOi8vcmF3LmdpdGh1YnVzZXJjb250ZW50LmNvbS9udm0tc2gvbnZtL3YwLjM4LjAvaW5zdGFsbC5zaCB8IGJhc2gKCgpleHBvcnQgTlZNX0RJUj0iJEhPTUUvLm52bSIKWyAtcyAiJE5WTV9ESVIvbnZtLnNoIiBdICYmIFwuICIkTlZNX0RJUi9udm0uc2giICAjIFRoaXMgbG9hZHMgbnZtCgojIEluc3RhbGwgTFRTIFZlcnNpb24gb2YgTm9kZQpudm0gaW5zdGFsbCAtLWx0cwoKbWtkaXIgfi9zaXRlcwpjZCB+L3NpdGVzCgojIENsb25lIHRoZSBTYWxlc0NoYW1wIHJlcG8KZ2l0IGNsb25lIGh0dHBzOi8vZ2l0aHViLmNvbS90aGVtb2JpbGVwcm9mL3NhbGVzY2hhbXAuZ2l0IH4vc2l0ZXMvc2FsZXNjaGFtcAoKIyBJbnN0YWxsIFBNCnN1ZG8gbnBtIGluc3RhbGwgcG0yQGxhdGVzdCAtZwoKCiMgUnVuIFRoZSBOb2RlSlMgQXBwIGluIHRoZSBiYWNrZ3JvdW5kCnBtMiBzdGFydCB+L3NpdGVzL3NhbGVzY2hhbXAvYXBwLmpzCgoKIyBTZXR1cCBOZ2lueCB0byBhbGxvdyBvbiBmaXJld2FsbApzdWRvIHVmdyBhbGxvdyAnTmdpbnggSFRUUCcKCgojIENvbmZpZ3VyZSBOZ2lueApjYXQgPDxFT0YgPiAvZXRjL25naW54L3NpdGVzLWF2YWlsYWJsZS9zYWxlc2NoYW1wCnNlcnZlciB7CglsaXN0ZW4gODAgZGVmYXVsdF9zZXJ2ZXI7CgoJbG9jYXRpb24gLyB7CiAgICAgICAgcHJveHlfcGFzcyBodHRwOi8vbG9jYWxob3N0OjMwMDA7CiAgICAgICAgcHJveHlfaHR0cF92ZXJzaW9uIDEuMTsKICAgICAgICBwcm94eV9zZXRfaGVhZGVyIFVwZ3JhZGUgJGh0dHBfdXBncmFkZTsKICAgICAgICBwcm94eV9zZXRfaGVhZGVyIENvbm5lY3Rpb24gJ3VwZ3JhZGUnOwogICAgICAgIHByb3h5X3NldF9oZWFkZXIgSG9zdCAkaG9zdDsKICAgICAgICBwcm94eV9jYWNoZV9ieXBhc3MgJGh0dHBfdXBncmFkZTsKICAgIH0KfQpFT0YKCiMgRW5hYmxlIHdlYnNpdGUKc3VkbyBsbiAtcyAvZXRjL25naW54L3NpdGVzLWF2YWlsYWJsZS9zYWxlc2NoYW1wIC9ldGMvbmdpbngvc2l0ZXMtZW5hYmxlZC8KCgojIFJlc3RhcnQgTmdpbngKc3VkbyBzeXN0ZW1jdGwgcmVzdGFydCBuZ2lueAoK",
            "vpc_security_group_ids": [
              "sg-06331706e61bd66fd"
            ]
          },
          "sensitive_attributes": [],
          "private": "bnVsbA==",
          "dependencies": [
            "aws_security_group.front-security",
            "data.template_file.user_data",
            "module.vpc.aws_vpc.this"
          ]
        }
      ]
    },
    {
      "mode": "managed",
      "type": "aws_lb",
      "name": "alb",
      "provider": "provider[\"registry.terraform.io/hashicorp/aws\"]",
      "instances": [
        {
          "schema_version": 0,
          "attributes": {
            "access_logs": [
              {
                "bucket": "saleschamp-applb-logs",
                "enabled": true,
                "prefix": "alb"
              }
            ],
            "arn": "arn:aws:elasticloadbalancing:us-west-1:706924219932:loadbalancer/app/saleschamp-alb/0e94bc64840ab99b",
            "arn_suffix": "app/saleschamp-alb/0e94bc64840ab99b",
            "customer_owned_ipv4_pool": "",
            "dns_name": "saleschamp-alb-657386765.us-west-1.elb.amazonaws.com",
            "drop_invalid_header_fields": false,
            "enable_cross_zone_load_balancing": null,
            "enable_deletion_protection": false,
            "enable_http2": true,
            "id": "arn:aws:elasticloadbalancing:us-west-1:706924219932:loadbalancer/app/saleschamp-alb/0e94bc64840ab99b",
            "idle_timeout": 60,
            "internal": false,
            "ip_address_type": "ipv4",
            "load_balancer_type": "application",
            "name": "saleschamp-alb",
            "name_prefix": null,
            "security_groups": [
              "sg-06331706e61bd66fd"
            ],
            "subnet_mapping": [
              {
                "allocation_id": "",
                "ipv6_address": "",
                "outpost_id": "",
                "private_ipv4_address": "",
                "subnet_id": "subnet-0a608ad5e0d1f58dd"
              },
              {
                "allocation_id": "",
                "ipv6_address": "",
                "outpost_id": "",
                "private_ipv4_address": "",
                "subnet_id": "subnet-0f0b627693c057b01"
              }
            ],
            "subnets": [
              "subnet-0a608ad5e0d1f58dd",
              "subnet-0f0b627693c057b01"
            ],
            "tags": {
              "Environment": "production"
            },
            "timeouts": null,
            "vpc_id": "vpc-0d6bceebf90290d89",
            "zone_id": "Z368ELLRRE2KJ0"
          },
          "sensitive_attributes": [],
          "private": "eyJlMmJmYjczMC1lY2FhLTExZTYtOGY4OC0zNDM2M2JjN2M0YzAiOnsiY3JlYXRlIjo2MDAwMDAwMDAwMDAsImRlbGV0ZSI6NjAwMDAwMDAwMDAwLCJ1cGRhdGUiOjYwMDAwMDAwMDAwMH19",
          "dependencies": [
            "aws_s3_bucket.lb_logs",
            "aws_security_group.front-security",
            "module.vpc.aws_subnet.public",
            "module.vpc.aws_vpc.this",
            "module.vpc.aws_vpc_ipv4_cidr_block_association.this"
          ],
          "create_before_destroy": true
        }
      ]
    },
    {
      "mode": "managed",
      "type": "aws_lb_listener",
      "name": "alb_listener",
      "provider": "provider[\"registry.terraform.io/hashicorp/aws\"]",
      "instances": [
        {
          "schema_version": 0,
          "attributes": {
            "arn": "arn:aws:elasticloadbalancing:us-west-1:706924219932:listener/app/saleschamp-alb/0e94bc64840ab99b/6cf00863c391ce0a",
            "certificate_arn": null,
            "default_action": [
              {
                "authenticate_cognito": [],
                "authenticate_oidc": [],
                "fixed_response": [],
                "forward": [],
                "order": 1,
                "redirect": [],
                "target_group_arn": "arn:aws:elasticloadbalancing:us-west-1:706924219932:targetgroup/saleschamp-http-vpc/d8eff57ff9777a71",
                "type": "forward"
              }
            ],
            "id": "arn:aws:elasticloadbalancing:us-west-1:706924219932:listener/app/saleschamp-alb/0e94bc64840ab99b/6cf00863c391ce0a",
            "load_balancer_arn": "arn:aws:elasticloadbalancing:us-west-1:706924219932:loadbalancer/app/saleschamp-alb/0e94bc64840ab99b",
            "port": 80,
            "protocol": "HTTP",
            "ssl_policy": "",
            "timeouts": null
          },
          "sensitive_attributes": [],
          "private": "eyJlMmJmYjczMC1lY2FhLTExZTYtOGY4OC0zNDM2M2JjN2M0YzAiOnsicmVhZCI6NjAwMDAwMDAwMDAwfX0=",
          "dependencies": [
            "aws_lb.alb",
            "aws_lb_target_group.saleschamp",
            "aws_s3_bucket.lb_logs",
            "aws_security_group.front-security",
            "module.vpc.aws_subnet.public",
            "module.vpc.aws_vpc.this",
            "module.vpc.aws_vpc_ipv4_cidr_block_association.this"
          ]
        }
      ]
    },
    {
      "mode": "managed",
      "type": "aws_lb_target_group",
      "name": "saleschamp",
      "provider": "provider[\"registry.terraform.io/hashicorp/aws\"]",
      "instances": [
        {
          "schema_version": 0,
          "attributes": {
            "arn": "arn:aws:elasticloadbalancing:us-west-1:706924219932:targetgroup/saleschamp-http-vpc/d8eff57ff9777a71",
            "arn_suffix": "targetgroup/saleschamp-http-vpc/d8eff57ff9777a71",
            "deregistration_delay": 300,
            "health_check": [
              {
                "enabled": true,
                "healthy_threshold": 5,
                "interval": 30,
                "matcher": "200",
                "path": "/",
                "port": "traffic-port",
                "protocol": "HTTP",
                "timeout": 5,
                "unhealthy_threshold": 2
              }
            ],
            "id": "arn:aws:elasticloadbalancing:us-west-1:706924219932:targetgroup/saleschamp-http-vpc/d8eff57ff9777a71",
            "lambda_multi_value_headers_enabled": false,
            "load_balancing_algorithm_type": "round_robin",
            "name": "saleschamp-http-vpc",
            "name_prefix": null,
            "port": 80,
            "protocol": "HTTP",
            "protocol_version": "HTTP1",
            "proxy_protocol_v2": false,
            "slow_start": 0,
            "stickiness": [
              {
                "cookie_duration": 86400,
                "enabled": false,
                "type": "lb_cookie"
              }
            ],
            "tags": {},
            "target_type": "instance",
            "vpc_id": "vpc-0d6bceebf90290d89"
          },
          "sensitive_attributes": [],
          "private": "bnVsbA==",
          "dependencies": [
            "aws_lb.alb",
            "aws_s3_bucket.lb_logs",
            "aws_security_group.front-security",
            "module.vpc.aws_subnet.public",
            "module.vpc.aws_vpc.this",
            "module.vpc.aws_vpc_ipv4_cidr_block_association.this"
          ],
          "create_before_destroy": true
        }
      ]
    },
    {
      "mode": "managed",
      "type": "aws_lb_target_group_attachment",
      "name": "saleschamp",
      "provider": "provider[\"registry.terraform.io/hashicorp/aws\"]",
      "instances": [
        {
          "index_key": 0,
          "schema_version": 0,
          "attributes": {
            "availability_zone": null,
            "id": "arn:aws:elasticloadbalancing:us-west-1:706924219932:targetgroup/saleschamp-http-vpc/d8eff57ff9777a71-20210527182631058200000004",
            "port": 80,
            "target_group_arn": "arn:aws:elasticloadbalancing:us-west-1:706924219932:targetgroup/saleschamp-http-vpc/d8eff57ff9777a71",
            "target_id": "i-04be0df9c33907edf"
          },
          "sensitive_attributes": [],
          "private": "bnVsbA==",
          "dependencies": [
            "aws_instance.web",
            "aws_key_pair.deployer",
            "aws_lb.alb",
            "aws_lb_target_group.saleschamp",
            "aws_s3_bucket.lb_logs",
            "aws_security_group.back-security",
            "aws_security_group.front-security",
            "data.template_file.user_data",
            "module.vpc.aws_subnet.public",
            "module.vpc.aws_vpc.this",
            "module.vpc.aws_vpc_ipv4_cidr_block_association.this"
          ]
        },
        {
          "index_key": 1,
          "schema_version": 0,
          "attributes": {
            "availability_zone": null,
            "id": "arn:aws:elasticloadbalancing:us-west-1:706924219932:targetgroup/saleschamp-http-vpc/d8eff57ff9777a71-20210527182631146100000005",
            "port": 80,
            "target_group_arn": "arn:aws:elasticloadbalancing:us-west-1:706924219932:targetgroup/saleschamp-http-vpc/d8eff57ff9777a71",
            "target_id": "i-0e994518cf15d3437"
          },
          "sensitive_attributes": [],
          "private": "bnVsbA==",
          "dependencies": [
            "aws_instance.web",
            "aws_key_pair.deployer",
            "aws_lb.alb",
            "aws_lb_target_group.saleschamp",
            "aws_s3_bucket.lb_logs",
            "aws_security_group.back-security",
            "aws_security_group.front-security",
            "data.template_file.user_data",
            "module.vpc.aws_subnet.public",
            "module.vpc.aws_vpc.this",
            "module.vpc.aws_vpc_ipv4_cidr_block_association.this"
          ]
        }
      ]
    },
    {
      "mode": "managed",
      "type": "aws_s3_bucket",
      "name": "lb_logs",
      "provider": "provider[\"registry.terraform.io/hashicorp/aws\"]",
      "instances": [
        {
          "schema_version": 0,
          "attributes": {
            "acceleration_status": "",
            "acl": "log-delivery-write",
            "arn": "arn:aws:s3:::saleschamp-applb-logs",
            "bucket": "saleschamp-applb-logs",
            "bucket_domain_name": "saleschamp-applb-logs.s3.amazonaws.com",
            "bucket_prefix": null,
            "bucket_regional_domain_name": "saleschamp-applb-logs.s3.us-west-1.amazonaws.com",
            "cors_rule": [],
            "force_destroy": true,
            "grant": [],
            "hosted_zone_id": "Z2F56UZL2M1ACD",
            "id": "saleschamp-applb-logs",
            "lifecycle_rule": [],
            "logging": [],
            "object_lock_configuration": [],
            "policy": "{\"Id\":\"Policy\",\"Statement\":[{\"Action\":\"s3:PutObject\",\"Effect\":\"Allow\",\"Principal\":{\"AWS\":\"arn:aws:iam::027434742980:root\"},\"Resource\":\"arn:aws:s3:::saleschamp-applb-logs/alb/AWSLogs/*\"}],\"Version\":\"2012-10-17\"}",
            "region": "us-west-1",
            "replication_configuration": [],
            "request_payer": "BucketOwner",
            "server_side_encryption_configuration": [],
            "tags": {},
            "versioning": [
              {
                "enabled": false,
                "mfa_delete": false
              }
            ],
            "website": [],
            "website_domain": null,
            "website_endpoint": null
          },
          "sensitive_attributes": [],
          "private": "bnVsbA==",
          "create_before_destroy": true
        }
      ]
    },
    {
      "mode": "managed",
      "type": "aws_security_group",
      "name": "back-security",
      "provider": "provider[\"registry.terraform.io/hashicorp/aws\"]",
      "instances": [
        {
          "schema_version": 1,
          "attributes": {
            "arn": "arn:aws:ec2:us-west-1:706924219932:security-group/sg-084c6eb7fa4a043b7",
            "description": "SSH Access to Server",
            "egress": [],
            "id": "sg-084c6eb7fa4a043b7",
            "ingress": [
              {
                "cidr_blocks": [
                  "0.0.0.0/0"
                ],
                "description": "SSH from VPC",
                "from_port": 22,
                "ipv6_cidr_blocks": [],
                "prefix_list_ids": [],
                "protocol": "tcp",
                "security_groups": [],
                "self": false,
                "to_port": 22
              }
            ],
            "name": "back-security",
            "name_prefix": "",
            "owner_id": "706924219932",
            "revoke_rules_on_delete": false,
            "tags": {},
            "timeouts": null,
            "vpc_id": "vpc-0d6bceebf90290d89"
          },
          "sensitive_attributes": [],
          "private": "eyJlMmJmYjczMC1lY2FhLTExZTYtOGY4OC0zNDM2M2JjN2M0YzAiOnsiY3JlYXRlIjo2MDAwMDAwMDAwMDAsImRlbGV0ZSI6NjAwMDAwMDAwMDAwfSwic2NoZW1hX3ZlcnNpb24iOiIxIn0=",
          "dependencies": [
            "module.vpc.aws_vpc.this"
          ]
        }
      ]
    },
    {
      "mode": "managed",
      "type": "aws_security_group",
      "name": "front-security",
      "provider": "provider[\"registry.terraform.io/hashicorp/aws\"]",
      "instances": [
        {
          "schema_version": 1,
          "attributes": {
            "arn": "arn:aws:ec2:us-west-1:706924219932:security-group/sg-06331706e61bd66fd",
            "description": "Ingress and Egress traffic allowing http and https traffic",
            "egress": [
              {
                "cidr_blocks": [
                  "0.0.0.0/0"
                ],
                "description": "",
                "from_port": 0,
                "ipv6_cidr_blocks": [],
                "prefix_list_ids": [],
                "protocol": "-1",
                "security_groups": [],
                "self": false,
                "to_port": 0
              }
            ],
            "id": "sg-06331706e61bd66fd",
            "ingress": [
              {
                "cidr_blocks": [
                  "0.0.0.0/0"
                ],
                "description": "HTTP from VPC",
                "from_port": 80,
                "ipv6_cidr_blocks": [],
                "prefix_list_ids": [],
                "protocol": "tcp",
                "security_groups": [],
                "self": false,
                "to_port": 80
              },
              {
                "cidr_blocks": [
                  "0.0.0.0/0"
                ],
                "description": "TLS from VPC",
                "from_port": 443,
                "ipv6_cidr_blocks": [],
                "prefix_list_ids": [],
                "protocol": "tcp",
                "security_groups": [],
                "self": false,
                "to_port": 443
              }
            ],
            "name": "front-security",
            "name_prefix": "",
            "owner_id": "706924219932",
            "revoke_rules_on_delete": false,
            "tags": {},
            "timeouts": null,
            "vpc_id": "vpc-0d6bceebf90290d89"
          },
          "sensitive_attributes": [],
          "private": "eyJlMmJmYjczMC1lY2FhLTExZTYtOGY4OC0zNDM2M2JjN2M0YzAiOnsiY3JlYXRlIjo2MDAwMDAwMDAwMDAsImRlbGV0ZSI6NjAwMDAwMDAwMDAwfSwic2NoZW1hX3ZlcnNpb24iOiIxIn0=",
          "dependencies": [
            "module.vpc.aws_vpc.this"
          ],
          "create_before_destroy": true
        }
      ]
    },
    {
      "module": "module.vpc",
      "mode": "managed",
      "type": "aws_internet_gateway",
      "name": "this",
      "provider": "provider[\"registry.terraform.io/hashicorp/aws\"]",
      "instances": [
        {
          "index_key": 0,
          "schema_version": 0,
          "attributes": {
            "arn": "arn:aws:ec2:us-west-1:706924219932:internet-gateway/igw-0c43572b9651ce0ca",
            "id": "igw-0c43572b9651ce0ca",
            "owner_id": "706924219932",
            "tags": {
              "Name": "saleschamp-vpc"
            },
            "vpc_id": "vpc-0d6bceebf90290d89"
          },
          "sensitive_attributes": [],
          "private": "bnVsbA==",
          "dependencies": [
            "module.vpc.aws_vpc.this",
            "module.vpc.aws_vpc_ipv4_cidr_block_association.this"
          ]
        }
      ]
    },
    {
      "module": "module.vpc",
      "mode": "managed",
      "type": "aws_route",
      "name": "public_internet_gateway",
      "provider": "provider[\"registry.terraform.io/hashicorp/aws\"]",
      "instances": [
        {
          "index_key": 0,
          "schema_version": 0,
          "attributes": {
            "destination_cidr_block": "0.0.0.0/0",
            "destination_ipv6_cidr_block": "",
            "destination_prefix_list_id": "",
            "egress_only_gateway_id": "",
            "gateway_id": "igw-0c43572b9651ce0ca",
            "id": "r-rtb-0aba0d58bbdb9c0cb1080289494",
            "instance_id": "",
            "instance_owner_id": "",
            "local_gateway_id": "",
            "nat_gateway_id": "",
            "network_interface_id": "",
            "origin": "CreateRoute",
            "route_table_id": "rtb-0aba0d58bbdb9c0cb",
            "state": "active",
            "timeouts": {
              "create": "5m",
              "delete": null
            },
            "transit_gateway_id": "",
            "vpc_endpoint_id": null,
            "vpc_peering_connection_id": ""
          },
          "sensitive_attributes": [],
          "private": "eyJlMmJmYjczMC1lY2FhLTExZTYtOGY4OC0zNDM2M2JjN2M0YzAiOnsiY3JlYXRlIjozMDAwMDAwMDAwMDAsImRlbGV0ZSI6MzAwMDAwMDAwMDAwfX0=",
          "dependencies": [
            "module.vpc.aws_internet_gateway.this",
            "module.vpc.aws_route_table.public",
            "module.vpc.aws_vpc.this",
            "module.vpc.aws_vpc_ipv4_cidr_block_association.this"
          ]
        }
      ]
    },
    {
      "module": "module.vpc",
      "mode": "managed",
      "type": "aws_route_table",
      "name": "public",
      "provider": "provider[\"registry.terraform.io/hashicorp/aws\"]",
      "instances": [
        {
          "index_key": 0,
          "schema_version": 0,
          "attributes": {
            "id": "rtb-0aba0d58bbdb9c0cb",
            "owner_id": "706924219932",
            "propagating_vgws": [],
            "route": [
              {
                "cidr_block": "0.0.0.0/0",
                "egress_only_gateway_id": "",
                "gateway_id": "igw-0c43572b9651ce0ca",
                "instance_id": "",
                "ipv6_cidr_block": "",
                "local_gateway_id": "",
                "nat_gateway_id": "",
                "network_interface_id": "",
                "transit_gateway_id": "",
                "vpc_endpoint_id": "",
                "vpc_peering_connection_id": ""
              }
            ],
            "tags": {
              "Name": "saleschamp-vpc-public"
            },
            "vpc_id": "vpc-0d6bceebf90290d89"
          },
          "sensitive_attributes": [],
          "private": "bnVsbA==",
          "dependencies": [
            "module.vpc.aws_vpc.this",
            "module.vpc.aws_vpc_ipv4_cidr_block_association.this"
          ]
        }
      ]
    },
    {
      "module": "module.vpc",
      "mode": "managed",
      "type": "aws_route_table_association",
      "name": "public",
      "provider": "provider[\"registry.terraform.io/hashicorp/aws\"]",
      "instances": [
        {
          "index_key": 0,
          "schema_version": 0,
          "attributes": {
            "gateway_id": null,
            "id": "rtbassoc-085b5dee99955f1eb",
            "route_table_id": "rtb-0aba0d58bbdb9c0cb",
            "subnet_id": "subnet-0a608ad5e0d1f58dd"
          },
          "sensitive_attributes": [],
          "private": "bnVsbA==",
          "dependencies": [
            "module.vpc.aws_route_table.public",
            "module.vpc.aws_subnet.public",
            "module.vpc.aws_vpc.this",
            "module.vpc.aws_vpc_ipv4_cidr_block_association.this"
          ]
        },
        {
          "index_key": 1,
          "schema_version": 0,
          "attributes": {
            "gateway_id": null,
            "id": "rtbassoc-0fdb019752d1ab0ae",
            "route_table_id": "rtb-0aba0d58bbdb9c0cb",
            "subnet_id": "subnet-0f0b627693c057b01"
          },
          "sensitive_attributes": [],
          "private": "bnVsbA==",
          "dependencies": [
            "module.vpc.aws_route_table.public",
            "module.vpc.aws_subnet.public",
            "module.vpc.aws_vpc.this",
            "module.vpc.aws_vpc_ipv4_cidr_block_association.this"
          ]
        }
      ]
    },
    {
      "module": "module.vpc",
      "mode": "managed",
      "type": "aws_subnet",
      "name": "public",
      "provider": "provider[\"registry.terraform.io/hashicorp/aws\"]",
      "instances": [
        {
          "index_key": 0,
          "schema_version": 1,
          "attributes": {
            "arn": "arn:aws:ec2:us-west-1:706924219932:subnet/subnet-0a608ad5e0d1f58dd",
            "assign_ipv6_address_on_creation": false,
            "availability_zone": "us-west-1b",
            "availability_zone_id": "usw1-az3",
            "cidr_block": "10.0.101.0/24",
            "customer_owned_ipv4_pool": "",
            "id": "subnet-0a608ad5e0d1f58dd",
            "ipv6_cidr_block": "",
            "ipv6_cidr_block_association_id": "",
            "map_customer_owned_ip_on_launch": false,
            "map_public_ip_on_launch": true,
            "outpost_arn": "",
            "owner_id": "706924219932",
            "tags": {
              "Name": "saleschamp-vpc-public-us-west-1b"
            },
            "timeouts": null,
            "vpc_id": "vpc-0d6bceebf90290d89"
          },
          "sensitive_attributes": [],
          "private": "eyJlMmJmYjczMC1lY2FhLTExZTYtOGY4OC0zNDM2M2JjN2M0YzAiOnsiY3JlYXRlIjo2MDAwMDAwMDAwMDAsImRlbGV0ZSI6MTIwMDAwMDAwMDAwMH0sInNjaGVtYV92ZXJzaW9uIjoiMSJ9",
          "dependencies": [
            "module.vpc.aws_vpc.this",
            "module.vpc.aws_vpc_ipv4_cidr_block_association.this"
          ],
          "create_before_destroy": true
        },
        {
          "index_key": 1,
          "schema_version": 1,
          "attributes": {
            "arn": "arn:aws:ec2:us-west-1:706924219932:subnet/subnet-0f0b627693c057b01",
            "assign_ipv6_address_on_creation": false,
            "availability_zone": "us-west-1c",
            "availability_zone_id": "usw1-az1",
            "cidr_block": "10.0.102.0/24",
            "customer_owned_ipv4_pool": "",
            "id": "subnet-0f0b627693c057b01",
            "ipv6_cidr_block": "",
            "ipv6_cidr_block_association_id": "",
            "map_customer_owned_ip_on_launch": false,
            "map_public_ip_on_launch": true,
            "outpost_arn": "",
            "owner_id": "706924219932",
            "tags": {
              "Name": "saleschamp-vpc-public-us-west-1c"
            },
            "timeouts": null,
            "vpc_id": "vpc-0d6bceebf90290d89"
          },
          "sensitive_attributes": [],
          "private": "eyJlMmJmYjczMC1lY2FhLTExZTYtOGY4OC0zNDM2M2JjN2M0YzAiOnsiY3JlYXRlIjo2MDAwMDAwMDAwMDAsImRlbGV0ZSI6MTIwMDAwMDAwMDAwMH0sInNjaGVtYV92ZXJzaW9uIjoiMSJ9",
          "dependencies": [
            "module.vpc.aws_vpc.this",
            "module.vpc.aws_vpc_ipv4_cidr_block_association.this"
          ],
          "create_before_destroy": true
        }
      ]
    },
    {
      "module": "module.vpc",
      "mode": "managed",
      "type": "aws_vpc",
      "name": "this",
      "provider": "provider[\"registry.terraform.io/hashicorp/aws\"]",
      "instances": [
        {
          "index_key": 0,
          "schema_version": 1,
          "attributes": {
            "arn": "arn:aws:ec2:us-west-1:706924219932:vpc/vpc-0d6bceebf90290d89",
            "assign_generated_ipv6_cidr_block": false,
            "cidr_block": "10.0.0.0/16",
            "default_network_acl_id": "acl-096bd7b9a96deb12d",
            "default_route_table_id": "rtb-0ec0d6d1d9dc958f0",
            "default_security_group_id": "sg-085f5b3a7174eb2b1",
            "dhcp_options_id": "dopt-2b54804d",
            "enable_classiclink": false,
            "enable_classiclink_dns_support": false,
            "enable_dns_hostnames": false,
            "enable_dns_support": true,
            "id": "vpc-0d6bceebf90290d89",
            "instance_tenancy": "default",
            "ipv6_association_id": "",
            "ipv6_cidr_block": "",
            "main_route_table_id": "rtb-0ec0d6d1d9dc958f0",
            "owner_id": "706924219932",
            "tags": {
              "Name": "saleschamp-vpc"
            }
          },
          "sensitive_attributes": [],
          "private": "eyJzY2hlbWFfdmVyc2lvbiI6IjEifQ==",
          "create_before_destroy": true
        }
      ]
    }
  ]
}
