{
  "version": 4,
  "terraform_version": "0.14.10",
  "serial": 351,
  "lineage": "d0699339-8e96-3192-dbf2-3a81f9a9893f",
  "outputs": {
    "lb_dns": {
      "value": "saleschamp-alb-24432375.us-west-1.elb.amazonaws.com",
      "type": "string"
    },
    "public_ip": {
      "value": [
        "13.52.103.223",
        "3.101.134.138"
      ],
      "type": [
        "tuple",
        [
          "string",
          "string"
        ]
      ]
    }
  },
  "resources": [
    {
      "mode": "data",
      "type": "template_file",
      "name": "user_data",
      "provider": "provider[\"registry.terraform.io/hashicorp/template\"]",
      "instances": [
        {
          "schema_version": 0,
          "attributes": {
            "filename": null,
            "id": "0190373eff2a4e1f71b7bdb888b4c1f4fdb6bef00eddf595ac6c6e87f6104e87",
            "rendered": "#!/bin/bash\n\n# Setup Updates\nsudo apt update -y\n\n# Install Curl for the next action \nsudo apt install curl git nginx -y\n\n# Setup Nginx and SSH to allow on firewall\nsudo ufw allow 443/tcp\nsudo ufw allow 80/tcp\nsudo ufw allow 5000/tcp\nsudo ufw allow ssh\n\n\n# Configure Nginx\nsudo cat \u003c\u003cEOF \u003e /etc/nginx/sites-available/default\nserver {\n\tlisten 80 default_server;\n\n\tlocation / {\n        proxy_pass http://localhost:5000;\n        proxy_http_version 1.1;\n        proxy_set_header Upgrade \\$http_upgrade;\n        proxy_set_header Connection 'upgrade';\n        proxy_set_header Host \\$host;\n        proxy_cache_bypass \\$http_upgrade;\n    }\n}\nEOF\n\n\n# Restart Nginx\nsudo systemctl restart nginx\n\n# Download and run Nodejs LTS installer\ncurl -fsSL https://deb.nodesource.com/setup_lts.x | sudo -E bash -\nsudo apt install -y nodejs\n\n# Install PM\nnpm install pm2@latest -g\npm2 startup\n\n\n# Go to the www directory\ncd /var/www/html\n\n# Clone the SalesChamp repo\ngit clone https://github.com/themobileprof/saleschamp.git /var/www/html/saleschamp\n\n\n# Create a PM2 Group\ngroupadd pm2\n\n# Change www directorygroup owner to group pm2\nchgrp -R pm2 /var/www/html/saleschamp\n\n# Add \"ubuntu\" to pm2 group\nusermod -aG pm2 ubuntu\n\n# Create an Alias\necho \"alias pm2='env HOME=/var/www pm2'\" \u003e /etc/profile.d/00-pm2.sh\n\n\n\n\n\n# Go to the saleschamp directory\ncd /var/www/html/saleschamp\n\n# Run The NodeJS App in the background\npm2 start app.js\npm2 save\n\n",
            "template": "#!/bin/bash\n\n# Setup Updates\nsudo apt update -y\n\n# Install Curl for the next action \nsudo apt install curl git nginx -y\n\n# Setup Nginx and SSH to allow on firewall\nsudo ufw allow 443/tcp\nsudo ufw allow 80/tcp\nsudo ufw allow 5000/tcp\nsudo ufw allow ssh\n\n\n# Configure Nginx\nsudo cat \u003c\u003cEOF \u003e /etc/nginx/sites-available/default\nserver {\n\tlisten 80 default_server;\n\n\tlocation / {\n        proxy_pass http://localhost:5000;\n        proxy_http_version 1.1;\n        proxy_set_header Upgrade \\$http_upgrade;\n        proxy_set_header Connection 'upgrade';\n        proxy_set_header Host \\$host;\n        proxy_cache_bypass \\$http_upgrade;\n    }\n}\nEOF\n\n\n# Restart Nginx\nsudo systemctl restart nginx\n\n# Download and run Nodejs LTS installer\ncurl -fsSL https://deb.nodesource.com/setup_lts.x | sudo -E bash -\nsudo apt install -y nodejs\n\n# Install PM\nnpm install pm2@latest -g\npm2 startup\n\n\n# Go to the www directory\ncd /var/www/html\n\n# Clone the SalesChamp repo\ngit clone https://github.com/themobileprof/saleschamp.git /var/www/html/saleschamp\n\n\n# Create a PM2 Group\ngroupadd pm2\n\n# Change www directorygroup owner to group pm2\nchgrp -R pm2 /var/www/html/saleschamp\n\n# Add \"ubuntu\" to pm2 group\nusermod -aG pm2 ubuntu\n\n# Create an Alias\necho \"alias pm2='env HOME=/var/www pm2'\" \u003e /etc/profile.d/00-pm2.sh\n\n\n\n\n\n# Go to the saleschamp directory\ncd /var/www/html/saleschamp\n\n# Run The NodeJS App in the background\npm2 start app.js\npm2 save\n\n",
            "vars": null
          },
          "sensitive_attributes": []
        }
      ]
    },
    {
      "mode": "managed",
      "type": "aws_autoscaling_attachment",
      "name": "saleschamp",
      "provider": "provider[\"registry.terraform.io/hashicorp/aws\"]",
      "instances": [
        {
          "schema_version": 0,
          "attributes": {
            "alb_target_group_arn": "arn:aws:elasticloadbalancing:us-west-1:706924219932:targetgroup/saleschamp-http-vpc/65e741c167af77d4",
            "autoscaling_group_name": "tf-asg-20210528153337289800000003",
            "elb": null,
            "id": "tf-asg-20210528153337289800000003-20210528210314085300000002"
          },
          "sensitive_attributes": [],
          "private": "bnVsbA==",
          "dependencies": [
            "aws_autoscaling_group.saleschamp-aasg",
            "aws_lb_target_group.saleschamp"
          ]
        }
      ]
    },
    {
      "mode": "managed",
      "type": "aws_autoscaling_group",
      "name": "saleschamp-aasg",
      "provider": "provider[\"registry.terraform.io/hashicorp/aws\"]",
      "instances": [
        {
          "schema_version": 0,
          "attributes": {
            "arn": "arn:aws:autoscaling:us-west-1:706924219932:autoScalingGroup:e2edd80f-2d31-478c-9251-f93e94aded00:autoScalingGroupName/tf-asg-20210528153337289800000003",
            "availability_zones": [
              "us-west-1b",
              "us-west-1c"
            ],
            "capacity_rebalance": false,
            "default_cooldown": 300,
            "desired_capacity": 2,
            "enabled_metrics": [],
            "force_delete": true,
            "health_check_grace_period": 300,
            "health_check_type": "ELB",
            "id": "tf-asg-20210528153337289800000003",
            "initial_lifecycle_hook": [],
            "instance_refresh": [],
            "launch_configuration": "",
            "launch_template": [
              {
                "id": "lt-0fd249def6641e6bc",
                "name": "saleschamp-as-20210528153331345000000001",
                "version": ""
              }
            ],
            "load_balancers": [],
            "max_instance_lifetime": 0,
            "max_size": 4,
            "metrics_granularity": "1Minute",
            "min_elb_capacity": null,
            "min_size": 1,
            "mixed_instances_policy": [],
            "name": "tf-asg-20210528153337289800000003",
            "name_prefix": null,
            "placement_group": "",
            "protect_from_scale_in": false,
            "service_linked_role_arn": "arn:aws:iam::706924219932:role/aws-service-role/autoscaling.amazonaws.com/AWSServiceRoleForAutoScaling",
            "suspended_processes": [],
            "tag": [],
            "tags": null,
            "target_group_arns": [],
            "termination_policies": [],
            "timeouts": {
              "delete": "15m"
            },
            "vpc_zone_identifier": [
              "subnet-0650a313c3d80f0f6",
              "subnet-0a9a0088db618a606"
            ],
            "wait_for_capacity_timeout": "10m",
            "wait_for_elb_capacity": null
          },
          "sensitive_attributes": [],
          "private": "eyJlMmJmYjczMC1lY2FhLTExZTYtOGY4OC0zNDM2M2JjN2M0YzAiOnsiZGVsZXRlIjo5MDAwMDAwMDAwMDB9fQ==",
          "dependencies": [
            "aws_launch_template.saleschamp-autoscaling",
            "aws_security_group.front-security",
            "data.template_file.user_data",
            "module.vpc.aws_subnet.public",
            "module.vpc.aws_vpc.this",
            "module.vpc.aws_vpc_ipv4_cidr_block_association.this"
          ]
        }
      ]
    },
    {
      "mode": "managed",
      "type": "aws_instance",
      "name": "web",
      "provider": "provider[\"registry.terraform.io/hashicorp/aws\"]",
      "instances": [
        {
          "index_key": 0,
          "schema_version": 1,
          "attributes": {
            "ami": "ami-0eb9c3d4a1f2f6bf8",
            "arn": "arn:aws:ec2:us-west-1:706924219932:instance/i-038c9bd798629d5b4",
            "associate_public_ip_address": true,
            "availability_zone": "us-west-1b",
            "cpu_core_count": 1,
            "cpu_threads_per_core": 1,
            "credit_specification": [
              {
                "cpu_credits": "standard"
              }
            ],
            "disable_api_termination": false,
            "ebs_block_device": [
              {
                "delete_on_termination": false,
                "device_name": "/dev/sdh",
                "encrypted": false,
                "iops": 100,
                "kms_key_id": "",
                "snapshot_id": "",
                "tags": {},
                "throughput": 0,
                "volume_id": "vol-061dfbc29cf4b0e34",
                "volume_size": 5,
                "volume_type": "gp2"
              }
            ],
            "ebs_optimized": false,
            "enclave_options": [
              {
                "enabled": false
              }
            ],
            "ephemeral_block_device": [],
            "get_password_data": false,
            "hibernation": false,
            "host_id": null,
            "iam_instance_profile": "",
            "id": "i-038c9bd798629d5b4",
            "instance_initiated_shutdown_behavior": null,
            "instance_state": "running",
            "instance_type": "t2.micro",
            "ipv6_address_count": 0,
            "ipv6_addresses": [],
            "key_name": "deployer-key",
            "metadata_options": [
              {
                "http_endpoint": "enabled",
                "http_put_response_hop_limit": 1,
                "http_tokens": "optional"
              }
            ],
            "monitoring": false,
            "network_interface": [],
            "outpost_arn": "",
            "password_data": "",
            "placement_group": "",
            "primary_network_interface_id": "eni-0add2a194be514c3e",
            "private_dns": "ip-10-0-101-167.us-west-1.compute.internal",
            "private_ip": "10.0.101.167",
            "public_dns": "",
            "public_ip": "13.52.103.223",
            "root_block_device": [
              {
                "delete_on_termination": true,
                "device_name": "/dev/sda1",
                "encrypted": false,
                "iops": 100,
                "kms_key_id": "",
                "tags": {},
                "throughput": 0,
                "volume_id": "vol-0eec20c5345535ce0",
                "volume_size": 8,
                "volume_type": "gp2"
              }
            ],
            "secondary_private_ips": [],
            "security_groups": [],
            "source_dest_check": true,
            "subnet_id": "subnet-0650a313c3d80f0f6",
            "tags": {
              "Name": "saleschamp-vm-0"
            },
            "tenancy": "default",
            "timeouts": null,
            "user_data": "cddb60a3aba1e4f17b3d9f80394aebbbf3539e11",
            "user_data_base64": null,
            "volume_tags": null,
            "vpc_security_group_ids": [
              "sg-053d8cabf1fc857e6",
              "sg-0bf0c05206e473cc4"
            ]
          },
          "sensitive_attributes": [],
          "private": "eyJlMmJmYjczMC1lY2FhLTExZTYtOGY4OC0zNDM2M2JjN2M0YzAiOnsiY3JlYXRlIjo2MDAwMDAwMDAwMDAsImRlbGV0ZSI6MTIwMDAwMDAwMDAwMCwidXBkYXRlIjo2MDAwMDAwMDAwMDB9LCJzY2hlbWFfdmVyc2lvbiI6IjEifQ==",
          "dependencies": [
            "aws_key_pair.deployer",
            "aws_security_group.back-security",
            "aws_security_group.front-security",
            "data.template_file.user_data",
            "module.vpc.aws_subnet.public"
          ]
        },
        {
          "index_key": 1,
          "schema_version": 1,
          "attributes": {
            "ami": "ami-0eb9c3d4a1f2f6bf8",
            "arn": "arn:aws:ec2:us-west-1:706924219932:instance/i-0475267cb8ad547cc",
            "associate_public_ip_address": true,
            "availability_zone": "us-west-1c",
            "cpu_core_count": 1,
            "cpu_threads_per_core": 1,
            "credit_specification": [
              {
                "cpu_credits": "standard"
              }
            ],
            "disable_api_termination": false,
            "ebs_block_device": [
              {
                "delete_on_termination": false,
                "device_name": "/dev/sdh",
                "encrypted": false,
                "iops": 100,
                "kms_key_id": "",
                "snapshot_id": "",
                "tags": {},
                "throughput": 0,
                "volume_id": "vol-045bd8c52e8562ed5",
                "volume_size": 5,
                "volume_type": "gp2"
              }
            ],
            "ebs_optimized": false,
            "enclave_options": [
              {
                "enabled": false
              }
            ],
            "ephemeral_block_device": [],
            "get_password_data": false,
            "hibernation": false,
            "host_id": null,
            "iam_instance_profile": "",
            "id": "i-0475267cb8ad547cc",
            "instance_initiated_shutdown_behavior": null,
            "instance_state": "running",
            "instance_type": "t2.micro",
            "ipv6_address_count": 0,
            "ipv6_addresses": [],
            "key_name": "deployer-key",
            "metadata_options": [
              {
                "http_endpoint": "enabled",
                "http_put_response_hop_limit": 1,
                "http_tokens": "optional"
              }
            ],
            "monitoring": false,
            "network_interface": [],
            "outpost_arn": "",
            "password_data": "",
            "placement_group": "",
            "primary_network_interface_id": "eni-006fc73a89f1c8586",
            "private_dns": "ip-10-0-102-43.us-west-1.compute.internal",
            "private_ip": "10.0.102.43",
            "public_dns": "",
            "public_ip": "3.101.134.138",
            "root_block_device": [
              {
                "delete_on_termination": true,
                "device_name": "/dev/sda1",
                "encrypted": false,
                "iops": 100,
                "kms_key_id": "",
                "tags": {},
                "throughput": 0,
                "volume_id": "vol-065f33ddd69e1d562",
                "volume_size": 8,
                "volume_type": "gp2"
              }
            ],
            "secondary_private_ips": [],
            "security_groups": [],
            "source_dest_check": true,
            "subnet_id": "subnet-0a9a0088db618a606",
            "tags": {
              "Name": "saleschamp-vm-1"
            },
            "tenancy": "default",
            "timeouts": null,
            "user_data": "cddb60a3aba1e4f17b3d9f80394aebbbf3539e11",
            "user_data_base64": null,
            "volume_tags": null,
            "vpc_security_group_ids": [
              "sg-053d8cabf1fc857e6",
              "sg-0bf0c05206e473cc4"
            ]
          },
          "sensitive_attributes": [],
          "private": "eyJlMmJmYjczMC1lY2FhLTExZTYtOGY4OC0zNDM2M2JjN2M0YzAiOnsiY3JlYXRlIjo2MDAwMDAwMDAwMDAsImRlbGV0ZSI6MTIwMDAwMDAwMDAwMCwidXBkYXRlIjo2MDAwMDAwMDAwMDB9LCJzY2hlbWFfdmVyc2lvbiI6IjEifQ==",
          "dependencies": [
            "aws_key_pair.deployer",
            "aws_security_group.back-security",
            "aws_security_group.front-security",
            "data.template_file.user_data",
            "module.vpc.aws_subnet.public"
          ]
        }
      ]
    },
    {
      "mode": "managed",
      "type": "aws_key_pair",
      "name": "deployer",
      "provider": "provider[\"registry.terraform.io/hashicorp/aws\"]",
      "instances": [
        {
          "schema_version": 1,
          "attributes": {
            "arn": "arn:aws:ec2:us-west-1:706924219932:key-pair/deployer-key",
            "fingerprint": "82:b9:67:1d:04:a8:49:d2:45:1c:c7:ea:bc:07:b8:1b",
            "id": "deployer-key",
            "key_name": "deployer-key",
            "key_name_prefix": null,
            "key_pair_id": "key-0cf20805394e4f6b1",
            "public_key": "ssh-rsa AAAAB3NzaC1yc2EAAAADAQABAAABgQCnX0ZL2wo0qfSM1/078G1FXDljMsC/Suz5vOfs3qkM6WYtKhs5fEs7rcUk9dlPaVmpDrfVbCd++fPghP51RUTSB24y/eTCMa9FMM3PE+zpcWBRW9anMo7FQZ1sOPGtAu20uKNZgFV/yASEnRDLa2OEh8ahHwOlxAAO/YHi+9c+aKuNtz9V8POoAJ75qQTjprnLwGFpWFRhsWuRX0vqL5ztmBq0HgVa+kbfQobMjVe0PUJh+RIE8wOehfDPzfzoVXe4gqjXWC5b7NO0Hla5wtxi0bgpsTr7LtYTLQxr0/d6yTGnya0vp7zl+02NsfJqd5s4SO7/1jIWdXxmGwCKK/iU+ws5/JXfVDV05S78xo+Br9aMaTJXWN+f0U5m73C52XcLiBxVBjHubUjiPG/i/+nnIH+ASgJZB6lWbLa2Fyq6VI2/ZYP9qn5LDraqW0UGugmNs8SvqdxvZA/QYgSlGd7smv04X9XiF1hYHXiwGRkRwwy/fNDzH6KB9zsIjPmC7Wc= samuel@control-plane.minikube.internal",
            "tags": {}
          },
          "sensitive_attributes": [],
          "private": "eyJzY2hlbWFfdmVyc2lvbiI6IjEifQ=="
        }
      ]
    },
    {
      "mode": "managed",
      "type": "aws_launch_template",
      "name": "saleschamp-autoscaling",
      "provider": "provider[\"registry.terraform.io/hashicorp/aws\"]",
      "instances": [
        {
          "schema_version": 0,
          "attributes": {
            "arn": "arn:aws:ec2:us-west-1:706924219932:launch-template/lt-0fd249def6641e6bc",
            "block_device_mappings": [],
            "capacity_reservation_specification": [],
            "cpu_options": [],
            "credit_specification": [],
            "default_version": 1,
            "description": "",
            "disable_api_termination": false,
            "ebs_optimized": "",
            "elastic_gpu_specifications": [],
            "elastic_inference_accelerator": [],
            "enclave_options": [],
            "hibernation_options": [],
            "iam_instance_profile": [],
            "id": "lt-0fd249def6641e6bc",
            "image_id": "ami-0eb9c3d4a1f2f6bf8",
            "instance_initiated_shutdown_behavior": "terminate",
            "instance_market_options": [],
            "instance_type": "t2.micro",
            "kernel_id": "",
            "key_name": "",
            "latest_version": 5,
            "license_specification": [],
            "metadata_options": [],
            "monitoring": [],
            "name": "saleschamp-as-20210528153331345000000001",
            "name_prefix": "saleschamp-as-",
            "network_interfaces": [],
            "placement": [],
            "ram_disk_id": "",
            "security_group_names": [],
            "tag_specifications": [],
            "tags": {},
            "update_default_version": null,
            "user_data": "IyEvYmluL2Jhc2gKCiMgU2V0dXAgVXBkYXRlcwpzdWRvIGFwdCB1cGRhdGUgLXkKCiMgSW5zdGFsbCBDdXJsIGZvciB0aGUgbmV4dCBhY3Rpb24gCnN1ZG8gYXB0IGluc3RhbGwgY3VybCBnaXQgbmdpbnggLXkKCiMgU2V0dXAgTmdpbnggYW5kIFNTSCB0byBhbGxvdyBvbiBmaXJld2FsbApzdWRvIHVmdyBhbGxvdyA0NDMvdGNwCnN1ZG8gdWZ3IGFsbG93IDgwL3RjcApzdWRvIHVmdyBhbGxvdyA1MDAwL3RjcApzdWRvIHVmdyBhbGxvdyBzc2gKCgojIENvbmZpZ3VyZSBOZ2lueApzdWRvIGNhdCA8PEVPRiA+IC9ldGMvbmdpbngvc2l0ZXMtYXZhaWxhYmxlL2RlZmF1bHQKc2VydmVyIHsKCWxpc3RlbiA4MCBkZWZhdWx0X3NlcnZlcjsKCglsb2NhdGlvbiAvIHsKICAgICAgICBwcm94eV9wYXNzIGh0dHA6Ly9sb2NhbGhvc3Q6NTAwMDsKICAgICAgICBwcm94eV9odHRwX3ZlcnNpb24gMS4xOwogICAgICAgIHByb3h5X3NldF9oZWFkZXIgVXBncmFkZSBcJGh0dHBfdXBncmFkZTsKICAgICAgICBwcm94eV9zZXRfaGVhZGVyIENvbm5lY3Rpb24gJ3VwZ3JhZGUnOwogICAgICAgIHByb3h5X3NldF9oZWFkZXIgSG9zdCBcJGhvc3Q7CiAgICAgICAgcHJveHlfY2FjaGVfYnlwYXNzIFwkaHR0cF91cGdyYWRlOwogICAgfQp9CkVPRgoKCiMgUmVzdGFydCBOZ2lueApzdWRvIHN5c3RlbWN0bCByZXN0YXJ0IG5naW54CgojIERvd25sb2FkIGFuZCBydW4gTm9kZWpzIExUUyBpbnN0YWxsZXIKY3VybCAtZnNTTCBodHRwczovL2RlYi5ub2Rlc291cmNlLmNvbS9zZXR1cF9sdHMueCB8IHN1ZG8gLUUgYmFzaCAtCnN1ZG8gYXB0IGluc3RhbGwgLXkgbm9kZWpzCgojIEluc3RhbGwgUE0KbnBtIGluc3RhbGwgcG0yQGxhdGVzdCAtZwpwbTIgc3RhcnR1cAoKCiMgR28gdG8gdGhlIHd3dyBkaXJlY3RvcnkKY2QgL3Zhci93d3cvaHRtbAoKIyBDbG9uZSB0aGUgU2FsZXNDaGFtcCByZXBvCmdpdCBjbG9uZSBodHRwczovL2dpdGh1Yi5jb20vdGhlbW9iaWxlcHJvZi9zYWxlc2NoYW1wLmdpdCAvdmFyL3d3dy9odG1sL3NhbGVzY2hhbXAKCgojIENyZWF0ZSBhIFBNMiBHcm91cApncm91cGFkZCBwbTIKCiMgQ2hhbmdlIHd3dyBkaXJlY3Rvcnlncm91cCBvd25lciB0byBncm91cCBwbTIKY2hncnAgLVIgcG0yIC92YXIvd3d3L2h0bWwvc2FsZXNjaGFtcAoKIyBBZGQgInVidW50dSIgdG8gcG0yIGdyb3VwCnVzZXJtb2QgLWFHIHBtMiB1YnVudHUKCiMgQ3JlYXRlIGFuIEFsaWFzCmVjaG8gImFsaWFzIHBtMj0nZW52IEhPTUU9L3Zhci93d3cgcG0yJyIgPiAvZXRjL3Byb2ZpbGUuZC8wMC1wbTIuc2gKCgoKCgojIEdvIHRvIHRoZSBzYWxlc2NoYW1wIGRpcmVjdG9yeQpjZCAvdmFyL3d3dy9odG1sL3NhbGVzY2hhbXAKCiMgUnVuIFRoZSBOb2RlSlMgQXBwIGluIHRoZSBiYWNrZ3JvdW5kCnBtMiBzdGFydCBhcHAuanMKcG0yIHNhdmUKCg==",
            "vpc_security_group_ids": [
              "sg-0bf0c05206e473cc4"
            ]
          },
          "sensitive_attributes": [],
          "private": "bnVsbA==",
          "dependencies": [
            "aws_security_group.front-security",
            "data.template_file.user_data"
          ]
        }
      ]
    },
    {
      "mode": "managed",
      "type": "aws_lb",
      "name": "alb",
      "provider": "provider[\"registry.terraform.io/hashicorp/aws\"]",
      "instances": [
        {
          "schema_version": 0,
          "attributes": {
            "access_logs": [
              {
                "bucket": "saleschamp-applb-logs",
                "enabled": true,
                "prefix": "alb"
              }
            ],
            "arn": "arn:aws:elasticloadbalancing:us-west-1:706924219932:loadbalancer/app/saleschamp-alb/264e47fa23061e2e",
            "arn_suffix": "app/saleschamp-alb/264e47fa23061e2e",
            "customer_owned_ipv4_pool": "",
            "dns_name": "saleschamp-alb-24432375.us-west-1.elb.amazonaws.com",
            "drop_invalid_header_fields": false,
            "enable_cross_zone_load_balancing": null,
            "enable_deletion_protection": false,
            "enable_http2": true,
            "id": "arn:aws:elasticloadbalancing:us-west-1:706924219932:loadbalancer/app/saleschamp-alb/264e47fa23061e2e",
            "idle_timeout": 60,
            "internal": false,
            "ip_address_type": "ipv4",
            "load_balancer_type": "application",
            "name": "saleschamp-alb",
            "name_prefix": null,
            "security_groups": [
              "sg-0bf0c05206e473cc4"
            ],
            "subnet_mapping": [
              {
                "allocation_id": "",
                "ipv6_address": "",
                "outpost_id": "",
                "private_ipv4_address": "",
                "subnet_id": "subnet-0650a313c3d80f0f6"
              },
              {
                "allocation_id": "",
                "ipv6_address": "",
                "outpost_id": "",
                "private_ipv4_address": "",
                "subnet_id": "subnet-0a9a0088db618a606"
              }
            ],
            "subnets": [
              "subnet-0650a313c3d80f0f6",
              "subnet-0a9a0088db618a606"
            ],
            "tags": {
              "Environment": "production"
            },
            "timeouts": null,
            "vpc_id": "vpc-04ebb4b0d567806ce",
            "zone_id": "Z368ELLRRE2KJ0"
          },
          "sensitive_attributes": [],
          "private": "eyJlMmJmYjczMC1lY2FhLTExZTYtOGY4OC0zNDM2M2JjN2M0YzAiOnsiY3JlYXRlIjo2MDAwMDAwMDAwMDAsImRlbGV0ZSI6NjAwMDAwMDAwMDAwLCJ1cGRhdGUiOjYwMDAwMDAwMDAwMH19",
          "dependencies": [
            "aws_s3_bucket.lb_logs",
            "aws_security_group.front-security",
            "module.vpc.aws_subnet.public",
            "module.vpc.aws_vpc.this",
            "module.vpc.aws_vpc_ipv4_cidr_block_association.this"
          ],
          "create_before_destroy": true
        }
      ]
    },
    {
      "mode": "managed",
      "type": "aws_lb_listener",
      "name": "alb_listener",
      "provider": "provider[\"registry.terraform.io/hashicorp/aws\"]",
      "instances": [
        {
          "schema_version": 0,
          "attributes": {
            "arn": "arn:aws:elasticloadbalancing:us-west-1:706924219932:listener/app/saleschamp-alb/264e47fa23061e2e/6d0d9d9053835b7f",
            "certificate_arn": null,
            "default_action": [
              {
                "authenticate_cognito": [],
                "authenticate_oidc": [],
                "fixed_response": [],
                "forward": [],
                "order": 1,
                "redirect": [],
                "target_group_arn": "arn:aws:elasticloadbalancing:us-west-1:706924219932:targetgroup/saleschamp-http-vpc/65e741c167af77d4",
                "type": "forward"
              }
            ],
            "id": "arn:aws:elasticloadbalancing:us-west-1:706924219932:listener/app/saleschamp-alb/264e47fa23061e2e/6d0d9d9053835b7f",
            "load_balancer_arn": "arn:aws:elasticloadbalancing:us-west-1:706924219932:loadbalancer/app/saleschamp-alb/264e47fa23061e2e",
            "port": 80,
            "protocol": "HTTP",
            "ssl_policy": "",
            "timeouts": null
          },
          "sensitive_attributes": [],
          "private": "eyJlMmJmYjczMC1lY2FhLTExZTYtOGY4OC0zNDM2M2JjN2M0YzAiOnsicmVhZCI6NjAwMDAwMDAwMDAwfX0=",
          "dependencies": [
            "aws_lb.alb",
            "aws_lb_target_group.saleschamp",
            "aws_s3_bucket.lb_logs",
            "aws_security_group.front-security",
            "module.vpc.aws_subnet.public",
            "module.vpc.aws_vpc.this",
            "module.vpc.aws_vpc_ipv4_cidr_block_association.this"
          ]
        }
      ]
    },
    {
      "mode": "managed",
      "type": "aws_lb_target_group",
      "name": "saleschamp",
      "provider": "provider[\"registry.terraform.io/hashicorp/aws\"]",
      "instances": [
        {
          "schema_version": 0,
          "attributes": {
            "arn": "arn:aws:elasticloadbalancing:us-west-1:706924219932:targetgroup/saleschamp-http-vpc/65e741c167af77d4",
            "arn_suffix": "targetgroup/saleschamp-http-vpc/65e741c167af77d4",
            "deregistration_delay": 300,
            "health_check": [
              {
                "enabled": true,
                "healthy_threshold": 5,
                "interval": 30,
                "matcher": "200",
                "path": "/",
                "port": "traffic-port",
                "protocol": "HTTP",
                "timeout": 5,
                "unhealthy_threshold": 2
              }
            ],
            "id": "arn:aws:elasticloadbalancing:us-west-1:706924219932:targetgroup/saleschamp-http-vpc/65e741c167af77d4",
            "lambda_multi_value_headers_enabled": false,
            "load_balancing_algorithm_type": "round_robin",
            "name": "saleschamp-http-vpc",
            "name_prefix": null,
            "port": 80,
            "protocol": "HTTP",
            "protocol_version": "HTTP1",
            "proxy_protocol_v2": false,
            "slow_start": 0,
            "stickiness": [
              {
                "cookie_duration": 86400,
                "enabled": false,
                "type": "lb_cookie"
              }
            ],
            "tags": {},
            "target_type": "instance",
            "vpc_id": "vpc-04ebb4b0d567806ce"
          },
          "sensitive_attributes": [],
          "private": "bnVsbA==",
          "dependencies": [
            "aws_lb.alb",
            "aws_s3_bucket.lb_logs",
            "aws_security_group.front-security",
            "module.vpc.aws_subnet.public",
            "module.vpc.aws_vpc.this",
            "module.vpc.aws_vpc_ipv4_cidr_block_association.this"
          ],
          "create_before_destroy": true
        }
      ]
    },
    {
      "mode": "managed",
      "type": "aws_lb_target_group_attachment",
      "name": "saleschamp",
      "provider": "provider[\"registry.terraform.io/hashicorp/aws\"]",
      "instances": [
        {
          "index_key": 0,
          "schema_version": 0,
          "attributes": {
            "availability_zone": null,
            "id": "arn:aws:elasticloadbalancing:us-west-1:706924219932:targetgroup/saleschamp-http-vpc/65e741c167af77d4-20210528210435575400000003",
            "port": 80,
            "target_group_arn": "arn:aws:elasticloadbalancing:us-west-1:706924219932:targetgroup/saleschamp-http-vpc/65e741c167af77d4",
            "target_id": "i-038c9bd798629d5b4"
          },
          "sensitive_attributes": [],
          "private": "bnVsbA==",
          "dependencies": [
            "aws_instance.web",
            "aws_key_pair.deployer",
            "aws_lb_target_group.saleschamp",
            "aws_security_group.back-security",
            "aws_security_group.front-security",
            "data.template_file.user_data",
            "module.vpc.aws_subnet.public"
          ]
        },
        {
          "index_key": 1,
          "schema_version": 0,
          "attributes": {
            "availability_zone": null,
            "id": "arn:aws:elasticloadbalancing:us-west-1:706924219932:targetgroup/saleschamp-http-vpc/65e741c167af77d4-20210528210435623300000004",
            "port": 80,
            "target_group_arn": "arn:aws:elasticloadbalancing:us-west-1:706924219932:targetgroup/saleschamp-http-vpc/65e741c167af77d4",
            "target_id": "i-0475267cb8ad547cc"
          },
          "sensitive_attributes": [],
          "private": "bnVsbA==",
          "dependencies": [
            "aws_instance.web",
            "aws_key_pair.deployer",
            "aws_lb_target_group.saleschamp",
            "aws_security_group.back-security",
            "aws_security_group.front-security",
            "data.template_file.user_data",
            "module.vpc.aws_subnet.public"
          ]
        }
      ]
    },
    {
      "mode": "managed",
      "type": "aws_s3_bucket",
      "name": "lb_logs",
      "provider": "provider[\"registry.terraform.io/hashicorp/aws\"]",
      "instances": [
        {
          "schema_version": 0,
          "attributes": {
            "acceleration_status": "",
            "acl": "log-delivery-write",
            "arn": "arn:aws:s3:::saleschamp-applb-logs",
            "bucket": "saleschamp-applb-logs",
            "bucket_domain_name": "saleschamp-applb-logs.s3.amazonaws.com",
            "bucket_prefix": null,
            "bucket_regional_domain_name": "saleschamp-applb-logs.s3.us-west-1.amazonaws.com",
            "cors_rule": [],
            "force_destroy": true,
            "grant": [],
            "hosted_zone_id": "Z2F56UZL2M1ACD",
            "id": "saleschamp-applb-logs",
            "lifecycle_rule": [],
            "logging": [],
            "object_lock_configuration": [],
            "policy": "{\"Id\":\"Policy\",\"Statement\":[{\"Action\":\"s3:PutObject\",\"Effect\":\"Allow\",\"Principal\":{\"AWS\":\"arn:aws:iam::027434742980:root\"},\"Resource\":\"arn:aws:s3:::saleschamp-applb-logs/alb/AWSLogs/*\"}],\"Version\":\"2012-10-17\"}",
            "region": "us-west-1",
            "replication_configuration": [],
            "request_payer": "BucketOwner",
            "server_side_encryption_configuration": [],
            "tags": {},
            "versioning": [
              {
                "enabled": false,
                "mfa_delete": false
              }
            ],
            "website": [],
            "website_domain": null,
            "website_endpoint": null
          },
          "sensitive_attributes": [],
          "private": "bnVsbA==",
          "create_before_destroy": true
        }
      ]
    },
    {
      "mode": "managed",
      "type": "aws_security_group",
      "name": "back-security",
      "provider": "provider[\"registry.terraform.io/hashicorp/aws\"]",
      "instances": [
        {
          "schema_version": 1,
          "attributes": {
            "arn": "arn:aws:ec2:us-west-1:706924219932:security-group/sg-053d8cabf1fc857e6",
            "description": "SSH Access to Server",
            "egress": [],
            "id": "sg-053d8cabf1fc857e6",
            "ingress": [
              {
                "cidr_blocks": [
                  "0.0.0.0/0"
                ],
                "description": "SSH from VPC",
                "from_port": 22,
                "ipv6_cidr_blocks": [],
                "prefix_list_ids": [],
                "protocol": "tcp",
                "security_groups": [],
                "self": false,
                "to_port": 22
              }
            ],
            "name": "back-security",
            "name_prefix": "",
            "owner_id": "706924219932",
            "revoke_rules_on_delete": false,
            "tags": {},
            "timeouts": null,
            "vpc_id": "vpc-04ebb4b0d567806ce"
          },
          "sensitive_attributes": [],
          "private": "eyJlMmJmYjczMC1lY2FhLTExZTYtOGY4OC0zNDM2M2JjN2M0YzAiOnsiY3JlYXRlIjo2MDAwMDAwMDAwMDAsImRlbGV0ZSI6NjAwMDAwMDAwMDAwfSwic2NoZW1hX3ZlcnNpb24iOiIxIn0=",
          "dependencies": [
            "module.vpc.aws_vpc.this"
          ]
        }
      ]
    },
    {
      "mode": "managed",
      "type": "aws_security_group",
      "name": "front-security",
      "provider": "provider[\"registry.terraform.io/hashicorp/aws\"]",
      "instances": [
        {
          "schema_version": 1,
          "attributes": {
            "arn": "arn:aws:ec2:us-west-1:706924219932:security-group/sg-0bf0c05206e473cc4",
            "description": "Ingress and Egress traffic allowing http and https traffic",
            "egress": [
              {
                "cidr_blocks": [
                  "0.0.0.0/0"
                ],
                "description": "",
                "from_port": 0,
                "ipv6_cidr_blocks": [],
                "prefix_list_ids": [],
                "protocol": "-1",
                "security_groups": [],
                "self": false,
                "to_port": 0
              }
            ],
            "id": "sg-0bf0c05206e473cc4",
            "ingress": [
              {
                "cidr_blocks": [
                  "0.0.0.0/0"
                ],
                "description": "HTTP from VPC",
                "from_port": 80,
                "ipv6_cidr_blocks": [],
                "prefix_list_ids": [],
                "protocol": "tcp",
                "security_groups": [],
                "self": false,
                "to_port": 80
              },
              {
                "cidr_blocks": [
                  "0.0.0.0/0"
                ],
                "description": "TLS from VPC",
                "from_port": 443,
                "ipv6_cidr_blocks": [],
                "prefix_list_ids": [],
                "protocol": "tcp",
                "security_groups": [],
                "self": false,
                "to_port": 443
              }
            ],
            "name": "front-security",
            "name_prefix": "",
            "owner_id": "706924219932",
            "revoke_rules_on_delete": false,
            "tags": {},
            "timeouts": null,
            "vpc_id": "vpc-04ebb4b0d567806ce"
          },
          "sensitive_attributes": [],
          "private": "eyJlMmJmYjczMC1lY2FhLTExZTYtOGY4OC0zNDM2M2JjN2M0YzAiOnsiY3JlYXRlIjo2MDAwMDAwMDAwMDAsImRlbGV0ZSI6NjAwMDAwMDAwMDAwfSwic2NoZW1hX3ZlcnNpb24iOiIxIn0=",
          "dependencies": [
            "module.vpc.aws_vpc.this"
          ],
          "create_before_destroy": true
        }
      ]
    },
    {
      "module": "module.vpc",
      "mode": "managed",
      "type": "aws_internet_gateway",
      "name": "this",
      "provider": "provider[\"registry.terraform.io/hashicorp/aws\"]",
      "instances": [
        {
          "index_key": 0,
          "schema_version": 0,
          "attributes": {
            "arn": "arn:aws:ec2:us-west-1:706924219932:internet-gateway/igw-0f33cd6ca36b09a96",
            "id": "igw-0f33cd6ca36b09a96",
            "owner_id": "706924219932",
            "tags": {
              "Name": "saleschamp-vpc"
            },
            "vpc_id": "vpc-04ebb4b0d567806ce"
          },
          "sensitive_attributes": [],
          "private": "bnVsbA==",
          "dependencies": [
            "module.vpc.aws_vpc.this",
            "module.vpc.aws_vpc_ipv4_cidr_block_association.this"
          ]
        }
      ]
    },
    {
      "module": "module.vpc",
      "mode": "managed",
      "type": "aws_route",
      "name": "public_internet_gateway",
      "provider": "provider[\"registry.terraform.io/hashicorp/aws\"]",
      "instances": [
        {
          "index_key": 0,
          "schema_version": 0,
          "attributes": {
            "destination_cidr_block": "0.0.0.0/0",
            "destination_ipv6_cidr_block": "",
            "destination_prefix_list_id": "",
            "egress_only_gateway_id": "",
            "gateway_id": "igw-0f33cd6ca36b09a96",
            "id": "r-rtb-0894213c853c509141080289494",
            "instance_id": "",
            "instance_owner_id": "",
            "local_gateway_id": "",
            "nat_gateway_id": "",
            "network_interface_id": "",
            "origin": "CreateRoute",
            "route_table_id": "rtb-0894213c853c50914",
            "state": "active",
            "timeouts": {
              "create": "5m",
              "delete": null
            },
            "transit_gateway_id": "",
            "vpc_endpoint_id": null,
            "vpc_peering_connection_id": ""
          },
          "sensitive_attributes": [],
          "private": "eyJlMmJmYjczMC1lY2FhLTExZTYtOGY4OC0zNDM2M2JjN2M0YzAiOnsiY3JlYXRlIjozMDAwMDAwMDAwMDAsImRlbGV0ZSI6MzAwMDAwMDAwMDAwfX0=",
          "dependencies": [
            "module.vpc.aws_internet_gateway.this",
            "module.vpc.aws_route_table.public",
            "module.vpc.aws_vpc.this",
            "module.vpc.aws_vpc_ipv4_cidr_block_association.this"
          ]
        }
      ]
    },
    {
      "module": "module.vpc",
      "mode": "managed",
      "type": "aws_route_table",
      "name": "public",
      "provider": "provider[\"registry.terraform.io/hashicorp/aws\"]",
      "instances": [
        {
          "index_key": 0,
          "schema_version": 0,
          "attributes": {
            "id": "rtb-0894213c853c50914",
            "owner_id": "706924219932",
            "propagating_vgws": [],
            "route": [
              {
                "cidr_block": "0.0.0.0/0",
                "egress_only_gateway_id": "",
                "gateway_id": "igw-0f33cd6ca36b09a96",
                "instance_id": "",
                "ipv6_cidr_block": "",
                "local_gateway_id": "",
                "nat_gateway_id": "",
                "network_interface_id": "",
                "transit_gateway_id": "",
                "vpc_endpoint_id": "",
                "vpc_peering_connection_id": ""
              }
            ],
            "tags": {
              "Name": "saleschamp-vpc-public"
            },
            "vpc_id": "vpc-04ebb4b0d567806ce"
          },
          "sensitive_attributes": [],
          "private": "bnVsbA==",
          "dependencies": [
            "module.vpc.aws_vpc.this",
            "module.vpc.aws_vpc_ipv4_cidr_block_association.this"
          ]
        }
      ]
    },
    {
      "module": "module.vpc",
      "mode": "managed",
      "type": "aws_route_table_association",
      "name": "public",
      "provider": "provider[\"registry.terraform.io/hashicorp/aws\"]",
      "instances": [
        {
          "index_key": 0,
          "schema_version": 0,
          "attributes": {
            "gateway_id": null,
            "id": "rtbassoc-0c40cb8516d1b9b11",
            "route_table_id": "rtb-0894213c853c50914",
            "subnet_id": "subnet-0650a313c3d80f0f6"
          },
          "sensitive_attributes": [],
          "private": "bnVsbA==",
          "dependencies": [
            "module.vpc.aws_route_table.public",
            "module.vpc.aws_subnet.public",
            "module.vpc.aws_vpc.this",
            "module.vpc.aws_vpc_ipv4_cidr_block_association.this"
          ]
        },
        {
          "index_key": 1,
          "schema_version": 0,
          "attributes": {
            "gateway_id": null,
            "id": "rtbassoc-0e38b47600a798a65",
            "route_table_id": "rtb-0894213c853c50914",
            "subnet_id": "subnet-0a9a0088db618a606"
          },
          "sensitive_attributes": [],
          "private": "bnVsbA==",
          "dependencies": [
            "module.vpc.aws_route_table.public",
            "module.vpc.aws_subnet.public",
            "module.vpc.aws_vpc.this",
            "module.vpc.aws_vpc_ipv4_cidr_block_association.this"
          ]
        }
      ]
    },
    {
      "module": "module.vpc",
      "mode": "managed",
      "type": "aws_subnet",
      "name": "public",
      "provider": "provider[\"registry.terraform.io/hashicorp/aws\"]",
      "instances": [
        {
          "index_key": 0,
          "schema_version": 1,
          "attributes": {
            "arn": "arn:aws:ec2:us-west-1:706924219932:subnet/subnet-0650a313c3d80f0f6",
            "assign_ipv6_address_on_creation": false,
            "availability_zone": "us-west-1b",
            "availability_zone_id": "usw1-az3",
            "cidr_block": "10.0.101.0/24",
            "customer_owned_ipv4_pool": "",
            "id": "subnet-0650a313c3d80f0f6",
            "ipv6_cidr_block": "",
            "ipv6_cidr_block_association_id": "",
            "map_customer_owned_ip_on_launch": false,
            "map_public_ip_on_launch": true,
            "outpost_arn": "",
            "owner_id": "706924219932",
            "tags": {
              "Name": "saleschamp-vpc-public-us-west-1b"
            },
            "timeouts": null,
            "vpc_id": "vpc-04ebb4b0d567806ce"
          },
          "sensitive_attributes": [],
          "private": "eyJlMmJmYjczMC1lY2FhLTExZTYtOGY4OC0zNDM2M2JjN2M0YzAiOnsiY3JlYXRlIjo2MDAwMDAwMDAwMDAsImRlbGV0ZSI6MTIwMDAwMDAwMDAwMH0sInNjaGVtYV92ZXJzaW9uIjoiMSJ9",
          "dependencies": [
            "module.vpc.aws_vpc.this",
            "module.vpc.aws_vpc_ipv4_cidr_block_association.this"
          ],
          "create_before_destroy": true
        },
        {
          "index_key": 1,
          "schema_version": 1,
          "attributes": {
            "arn": "arn:aws:ec2:us-west-1:706924219932:subnet/subnet-0a9a0088db618a606",
            "assign_ipv6_address_on_creation": false,
            "availability_zone": "us-west-1c",
            "availability_zone_id": "usw1-az1",
            "cidr_block": "10.0.102.0/24",
            "customer_owned_ipv4_pool": "",
            "id": "subnet-0a9a0088db618a606",
            "ipv6_cidr_block": "",
            "ipv6_cidr_block_association_id": "",
            "map_customer_owned_ip_on_launch": false,
            "map_public_ip_on_launch": true,
            "outpost_arn": "",
            "owner_id": "706924219932",
            "tags": {
              "Name": "saleschamp-vpc-public-us-west-1c"
            },
            "timeouts": null,
            "vpc_id": "vpc-04ebb4b0d567806ce"
          },
          "sensitive_attributes": [],
          "private": "eyJlMmJmYjczMC1lY2FhLTExZTYtOGY4OC0zNDM2M2JjN2M0YzAiOnsiY3JlYXRlIjo2MDAwMDAwMDAwMDAsImRlbGV0ZSI6MTIwMDAwMDAwMDAwMH0sInNjaGVtYV92ZXJzaW9uIjoiMSJ9",
          "dependencies": [
            "module.vpc.aws_vpc.this",
            "module.vpc.aws_vpc_ipv4_cidr_block_association.this"
          ],
          "create_before_destroy": true
        }
      ]
    },
    {
      "module": "module.vpc",
      "mode": "managed",
      "type": "aws_vpc",
      "name": "this",
      "provider": "provider[\"registry.terraform.io/hashicorp/aws\"]",
      "instances": [
        {
          "index_key": 0,
          "schema_version": 1,
          "attributes": {
            "arn": "arn:aws:ec2:us-west-1:706924219932:vpc/vpc-04ebb4b0d567806ce",
            "assign_generated_ipv6_cidr_block": false,
            "cidr_block": "10.0.0.0/16",
            "default_network_acl_id": "acl-0cce770b32df389a6",
            "default_route_table_id": "rtb-044c2b164171b33a8",
            "default_security_group_id": "sg-08048494ea818bb97",
            "dhcp_options_id": "dopt-2b54804d",
            "enable_classiclink": false,
            "enable_classiclink_dns_support": false,
            "enable_dns_hostnames": false,
            "enable_dns_support": true,
            "id": "vpc-04ebb4b0d567806ce",
            "instance_tenancy": "default",
            "ipv6_association_id": "",
            "ipv6_cidr_block": "",
            "main_route_table_id": "rtb-044c2b164171b33a8",
            "owner_id": "706924219932",
            "tags": {
              "Name": "saleschamp-vpc"
            }
          },
          "sensitive_attributes": [],
          "private": "eyJzY2hlbWFfdmVyc2lvbiI6IjEifQ==",
          "create_before_destroy": true
        }
      ]
    }
  ]
}
