{
  "version": 4,
  "terraform_version": "0.14.10",
  "serial": 483,
  "lineage": "d0699339-8e96-3192-dbf2-3a81f9a9893f",
  "outputs": {
    "lb_dns": {
      "value": "saleschamp-alb-623668609.us-west-1.elb.amazonaws.com",
      "type": "string"
    }
  },
  "resources": [
    {
      "mode": "data",
      "type": "aws_iam_policy_document",
      "name": "saleschamp",
      "provider": "provider[\"registry.terraform.io/hashicorp/aws\"]",
      "instances": [
        {
          "schema_version": 0,
          "attributes": {
            "id": "2927525776",
            "json": "{\n  \"Version\": \"2012-10-17\",\n  \"Statement\": [\n    {\n      \"Sid\": \"\",\n      \"Effect\": \"Allow\",\n      \"Action\": \"sts:AssumeRole\",\n      \"Principal\": {\n        \"Service\": [\n          \"ec2.amazonaws.com\",\n          \"codedeploy.amazonaws.com\"\n        ]\n      }\n    }\n  ]\n}",
            "override_json": null,
            "override_policy_documents": null,
            "policy_id": null,
            "source_json": null,
            "source_policy_documents": null,
            "statement": [
              {
                "actions": [
                  "sts:AssumeRole"
                ],
                "condition": [],
                "effect": "Allow",
                "not_actions": [],
                "not_principals": [],
                "not_resources": [],
                "principals": [
                  {
                    "identifiers": [
                      "codedeploy.amazonaws.com"
                    ],
                    "type": "Service"
                  },
                  {
                    "identifiers": [
                      "ec2.amazonaws.com"
                    ],
                    "type": "Service"
                  }
                ],
                "resources": [],
                "sid": ""
              }
            ],
            "version": "2012-10-17"
          },
          "sensitive_attributes": []
        }
      ]
    },
    {
      "mode": "data",
      "type": "template_file",
      "name": "user_data",
      "provider": "provider[\"registry.terraform.io/hashicorp/template\"]",
      "instances": [
        {
          "schema_version": 0,
          "attributes": {
            "filename": null,
            "id": "7bbf2f41ab39fe0df6e40286a630e8a64e628e2e54f21d83dacf36c77f4131ee",
            "rendered": "#!/bin/bash\n\n# Setup Updates\nsudo apt update -y\n\n# Install Curl for the next action \nsudo apt install ruby-full\nsudo apt install curl git nginx -y\n\n\n# Install AWS CodeDeploy\ncd /home/ubuntu\ncurl -O https://aws-codedeploy-us-west-1.s3.us-west-1.amazonaws.com/latest/install\nchmod +x ./install\nsudo ./install auto\n\n# Setup Nginx and SSH to allow on firewall\nsudo ufw allow 443/tcp\nsudo ufw allow 80/tcp\nsudo ufw allow 5000/tcp\nsudo ufw allow ssh\n\n\n# Configure Nginx\nsudo cat \u003c\u003cEOF \u003e /etc/nginx/sites-available/default\nserver {\n\tlisten 80 default_server;\n\n\tlocation / {\n        proxy_pass http://localhost:5000;\n        proxy_http_version 1.1;\n        proxy_set_header Upgrade \\$http_upgrade;\n        proxy_set_header Connection 'upgrade';\n        proxy_set_header Host \\$host;\n        proxy_cache_bypass \\$http_upgrade;\n    }\n}\nEOF\n\n\n# Restart Nginx\nsudo systemctl restart nginx\n\n# Download and run Nodejs LTS installer\ncurl -fsSL https://deb.nodesource.com/setup_lts.x | sudo -E bash -\nsudo apt install -y nodejs\n\n# Install PM\nnpm install pm2@latest -g\n\n\n\n# Create a PM2 Group\n groupadd pm2\n\n# Change www directorygroup owner to group pm2\n chgrp -R pm2 /var/www\n\n# Add \"ubuntu\" to pm2 group\n usermod -aG pm2 ubuntu\n\n# Create an Alias\necho \"alias pm2='env HOME=/var/www pm2'\" \u003e /etc/profile.d/00-pm2.sh\n\n\n\n\n\n# Clone the SalesChamp repo\ngit clone https://github.com/themobileprof/saleschamp.git /var/www/saleschamp\n\n# Go to the saleschamp directory\ncd /var/www/saleschamp\n\n# Run The NodeJS App in the background\nnpm install\npm2 start app.js\npm2 save\n\n",
            "template": "#!/bin/bash\n\n# Setup Updates\nsudo apt update -y\n\n# Install Curl for the next action \nsudo apt install ruby-full\nsudo apt install curl git nginx -y\n\n\n# Install AWS CodeDeploy\ncd /home/ubuntu\ncurl -O https://aws-codedeploy-us-west-1.s3.us-west-1.amazonaws.com/latest/install\nchmod +x ./install\nsudo ./install auto\n\n# Setup Nginx and SSH to allow on firewall\nsudo ufw allow 443/tcp\nsudo ufw allow 80/tcp\nsudo ufw allow 5000/tcp\nsudo ufw allow ssh\n\n\n# Configure Nginx\nsudo cat \u003c\u003cEOF \u003e /etc/nginx/sites-available/default\nserver {\n\tlisten 80 default_server;\n\n\tlocation / {\n        proxy_pass http://localhost:5000;\n        proxy_http_version 1.1;\n        proxy_set_header Upgrade \\$http_upgrade;\n        proxy_set_header Connection 'upgrade';\n        proxy_set_header Host \\$host;\n        proxy_cache_bypass \\$http_upgrade;\n    }\n}\nEOF\n\n\n# Restart Nginx\nsudo systemctl restart nginx\n\n# Download and run Nodejs LTS installer\ncurl -fsSL https://deb.nodesource.com/setup_lts.x | sudo -E bash -\nsudo apt install -y nodejs\n\n# Install PM\nnpm install pm2@latest -g\n\n\n\n# Create a PM2 Group\n groupadd pm2\n\n# Change www directorygroup owner to group pm2\n chgrp -R pm2 /var/www\n\n# Add \"ubuntu\" to pm2 group\n usermod -aG pm2 ubuntu\n\n# Create an Alias\necho \"alias pm2='env HOME=/var/www pm2'\" \u003e /etc/profile.d/00-pm2.sh\n\n\n\n\n\n# Clone the SalesChamp repo\ngit clone https://github.com/themobileprof/saleschamp.git /var/www/saleschamp\n\n# Go to the saleschamp directory\ncd /var/www/saleschamp\n\n# Run The NodeJS App in the background\nnpm install\npm2 start app.js\npm2 save\n\n",
            "vars": {
              "public_key": "ssh-rsa AAAAB3NzaC1yc2EAAAADAQABAAABgQCnX0ZL2wo0qfSM1/078G1FXDljMsC/Suz5vOfs3qkM6WYtKhs5fEs7rcUk9dlPaVmpDrfVbCd++fPghP51RUTSB24y/eTCMa9FMM3PE+zpcWBRW9anMo7FQZ1sOPGtAu20uKNZgFV/yASEnRDLa2OEh8ahHwOlxAAO/YHi+9c+aKuNtz9V8POoAJ75qQTjprnLwGFpWFRhsWuRX0vqL5ztmBq0HgVa+kbfQobMjVe0PUJh+RIE8wOehfDPzfzoVXe4gqjXWC5b7NO0Hla5wtxi0bgpsTr7LtYTLQxr0/d6yTGnya0vp7zl+02NsfJqd5s4SO7/1jIWdXxmGwCKK/iU+ws5/JXfVDV05S78xo+Br9aMaTJXWN+f0U5m73C52XcLiBxVBjHubUjiPG/i/+nnIH+ASgJZB6lWbLa2Fyq6VI2/ZYP9qn5LDraqW0UGugmNs8SvqdxvZA/QYgSlGd7smv04X9XiF1hYHXiwGRkRwwy/fNDzH6KB9zsIjPmC7Wc= samuel@control-plane.minikube.internal"
            }
          },
          "sensitive_attributes": []
        }
      ]
    },
    {
      "mode": "managed",
      "type": "aws_autoscaling_attachment",
      "name": "saleschamp",
      "provider": "provider[\"registry.terraform.io/hashicorp/aws\"]",
      "instances": [
        {
          "schema_version": 0,
          "attributes": {
            "alb_target_group_arn": "arn:aws:elasticloadbalancing:us-west-1:706924219932:targetgroup/saleschamp-http-vpc/8178fd84e4f4aaaf",
            "autoscaling_group_name": "tf-asg-20210531014421463300000004",
            "elb": null,
            "id": "tf-asg-20210531014421463300000004-20210531014700573100000005"
          },
          "sensitive_attributes": [],
          "private": "bnVsbA==",
          "dependencies": [
            "aws_autoscaling_group.saleschamp-aasg",
            "aws_iam_instance_profile.saleschamp_profile",
            "aws_iam_role.saleschamp-iam",
            "aws_key_pair.deployer",
            "aws_launch_template.saleschamp-launch",
            "aws_lb.alb",
            "aws_lb_target_group.saleschamp",
            "aws_s3_bucket.lb_logs",
            "aws_security_group.security_grp",
            "data.aws_iam_policy_document.saleschamp",
            "data.template_file.user_data",
            "module.vpc.aws_subnet.public",
            "module.vpc.aws_vpc.this",
            "module.vpc.aws_vpc_ipv4_cidr_block_association.this",
            "random_id.server"
          ]
        }
      ]
    },
    {
      "mode": "managed",
      "type": "aws_autoscaling_group",
      "name": "saleschamp-aasg",
      "provider": "provider[\"registry.terraform.io/hashicorp/aws\"]",
      "instances": [
        {
          "schema_version": 0,
          "attributes": {
            "arn": "arn:aws:autoscaling:us-west-1:706924219932:autoScalingGroup:b86f774d-2f63-4f9a-852e-459c0ece6811:autoScalingGroupName/tf-asg-20210531014421463300000004",
            "availability_zones": [
              "us-west-1b",
              "us-west-1c"
            ],
            "capacity_rebalance": false,
            "default_cooldown": 300,
            "desired_capacity": 2,
            "enabled_metrics": null,
            "force_delete": true,
            "health_check_grace_period": 300,
            "health_check_type": "ELB",
            "id": "tf-asg-20210531014421463300000004",
            "initial_lifecycle_hook": [],
            "instance_refresh": [],
            "launch_configuration": "",
            "launch_template": [
              {
                "id": "lt-0e59c31cdf68bbca1",
                "name": "saleschamp-as-20210531014415247100000002",
                "version": "1"
              }
            ],
            "load_balancers": null,
            "max_instance_lifetime": 0,
            "max_size": 4,
            "metrics_granularity": "1Minute",
            "min_elb_capacity": null,
            "min_size": 1,
            "mixed_instances_policy": [],
            "name": "tf-asg-20210531014421463300000004",
            "name_prefix": null,
            "placement_group": "",
            "protect_from_scale_in": false,
            "service_linked_role_arn": "arn:aws:iam::706924219932:role/aws-service-role/autoscaling.amazonaws.com/AWSServiceRoleForAutoScaling",
            "suspended_processes": null,
            "tag": [],
            "tags": null,
            "target_group_arns": null,
            "termination_policies": null,
            "timeouts": {
              "delete": "15m"
            },
            "vpc_zone_identifier": [
              "subnet-05a4b9b32834a9c67",
              "subnet-0b500be01aa07fd47"
            ],
            "wait_for_capacity_timeout": "10m",
            "wait_for_elb_capacity": null
          },
          "sensitive_attributes": [],
          "private": "eyJlMmJmYjczMC1lY2FhLTExZTYtOGY4OC0zNDM2M2JjN2M0YzAiOnsiZGVsZXRlIjo5MDAwMDAwMDAwMDB9fQ==",
          "dependencies": [
            "aws_iam_instance_profile.saleschamp_profile",
            "aws_iam_role.saleschamp-iam",
            "aws_key_pair.deployer",
            "aws_launch_template.saleschamp-launch",
            "aws_security_group.security_grp",
            "data.aws_iam_policy_document.saleschamp",
            "data.template_file.user_data",
            "module.vpc.aws_subnet.public",
            "module.vpc.aws_vpc.this",
            "module.vpc.aws_vpc_ipv4_cidr_block_association.this",
            "random_id.server"
          ]
        }
      ]
    },
    {
      "mode": "managed",
      "type": "aws_codedeploy_app",
      "name": "saleschamp",
      "provider": "provider[\"registry.terraform.io/hashicorp/aws\"]",
      "instances": [
        {
          "schema_version": 0,
          "attributes": {
            "compute_platform": "Server",
            "id": "8d86b649-5ac4-41c3-a5f6-8d95a0482677:saleschamp-app",
            "name": "saleschamp-app",
            "unique_id": null
          },
          "sensitive_attributes": [],
          "private": "bnVsbA=="
        }
      ]
    },
    {
      "mode": "managed",
      "type": "aws_codedeploy_deployment_group",
      "name": "saleschamp",
      "provider": "provider[\"registry.terraform.io/hashicorp/aws\"]",
      "instances": [
        {
          "schema_version": 0,
          "attributes": {
            "alarm_configuration": [],
            "app_name": "saleschamp-app",
            "auto_rollback_configuration": [],
            "autoscaling_groups": [
              "tf-asg-20210531014421463300000004"
            ],
            "blue_green_deployment_config": [],
            "deployment_config_name": "CodeDeployDefault.OneAtATime",
            "deployment_group_name": "saleschamp-group",
            "deployment_style": [
              {
                "deployment_option": "WITHOUT_TRAFFIC_CONTROL",
                "deployment_type": "IN_PLACE"
              }
            ],
            "ec2_tag_filter": [],
            "ec2_tag_set": [],
            "ecs_service": [],
            "id": "12dfa7d0-c1a9-47fc-8916-1e17eadeafe4",
            "load_balancer_info": [
              {
                "elb_info": [],
                "target_group_info": [
                  {
                    "name": "saleschamp-alb"
                  }
                ],
                "target_group_pair_info": []
              }
            ],
            "on_premises_instance_tag_filter": [],
            "service_role_arn": "arn:aws:iam::706924219932:role/saleschamp-iam",
            "trigger_configuration": []
          },
          "sensitive_attributes": [],
          "private": "bnVsbA==",
          "dependencies": [
            "aws_autoscaling_group.saleschamp-aasg",
            "aws_codedeploy_app.saleschamp",
            "aws_iam_instance_profile.saleschamp_profile",
            "aws_iam_role.saleschamp-iam",
            "aws_key_pair.deployer",
            "aws_launch_template.saleschamp-launch",
            "aws_lb.alb",
            "aws_s3_bucket.lb_logs",
            "aws_security_group.security_grp",
            "data.aws_iam_policy_document.saleschamp",
            "data.template_file.user_data",
            "module.vpc.aws_subnet.public",
            "module.vpc.aws_vpc.this",
            "module.vpc.aws_vpc_ipv4_cidr_block_association.this",
            "random_id.server"
          ]
        }
      ]
    },
    {
      "mode": "managed",
      "type": "aws_iam_instance_profile",
      "name": "saleschamp_profile",
      "provider": "provider[\"registry.terraform.io/hashicorp/aws\"]",
      "instances": [
        {
          "schema_version": 0,
          "attributes": {
            "arn": "arn:aws:iam::706924219932:instance-profile/saleschamp_profile",
            "create_date": "2021-05-31T01:43:56Z",
            "id": "saleschamp_profile",
            "name": "saleschamp_profile",
            "name_prefix": null,
            "path": "/",
            "role": "saleschamp-iam",
            "unique_id": "AIPA2JF7XRYOBBVRJBSJ3"
          },
          "sensitive_attributes": [],
          "private": "bnVsbA==",
          "dependencies": [
            "aws_iam_role.saleschamp-iam",
            "data.aws_iam_policy_document.saleschamp"
          ]
        }
      ]
    },
    {
      "mode": "managed",
      "type": "aws_iam_role",
      "name": "saleschamp-iam",
      "provider": "provider[\"registry.terraform.io/hashicorp/aws\"]",
      "instances": [
        {
          "schema_version": 0,
          "attributes": {
            "arn": "arn:aws:iam::706924219932:role/saleschamp-iam",
            "assume_role_policy": "{\"Version\":\"2012-10-17\",\"Statement\":[{\"Sid\":\"\",\"Effect\":\"Allow\",\"Principal\":{\"Service\":[\"codedeploy.amazonaws.com\",\"ec2.amazonaws.com\"]},\"Action\":\"sts:AssumeRole\"}]}",
            "create_date": "2021-05-31T01:43:52Z",
            "description": "",
            "force_detach_policies": false,
            "id": "saleschamp-iam",
            "inline_policy": [
              {
                "name": "",
                "policy": ""
              }
            ],
            "managed_policy_arns": [],
            "max_session_duration": 3600,
            "name": "saleschamp-iam",
            "name_prefix": null,
            "path": "/",
            "permissions_boundary": null,
            "tags": null,
            "unique_id": "AROA2JF7XRYOPS5OHRRFG"
          },
          "sensitive_attributes": [],
          "private": "bnVsbA==",
          "dependencies": [
            "data.aws_iam_policy_document.saleschamp"
          ]
        }
      ]
    },
    {
      "mode": "managed",
      "type": "aws_iam_role_policy_attachment",
      "name": "AWSCodeDeployRole",
      "provider": "provider[\"registry.terraform.io/hashicorp/aws\"]",
      "instances": [
        {
          "schema_version": 0,
          "attributes": {
            "id": "saleschamp-iam-20210531014356248900000001",
            "policy_arn": "arn:aws:iam::aws:policy/service-role/AWSCodeDeployRole",
            "role": "saleschamp-iam"
          },
          "sensitive_attributes": [],
          "private": "bnVsbA==",
          "dependencies": [
            "aws_iam_role.saleschamp-iam",
            "data.aws_iam_policy_document.saleschamp"
          ]
        }
      ]
    },
    {
      "mode": "managed",
      "type": "aws_key_pair",
      "name": "deployer",
      "provider": "provider[\"registry.terraform.io/hashicorp/aws\"]",
      "instances": [
        {
          "schema_version": 1,
          "attributes": {
            "arn": "arn:aws:ec2:us-west-1:706924219932:key-pair/deployer-key",
            "fingerprint": "82:b9:67:1d:04:a8:49:d2:45:1c:c7:ea:bc:07:b8:1b",
            "id": "deployer-key",
            "key_name": "deployer-key",
            "key_name_prefix": null,
            "key_pair_id": "key-0a1c5904575952fd6",
            "public_key": "ssh-rsa AAAAB3NzaC1yc2EAAAADAQABAAABgQCnX0ZL2wo0qfSM1/078G1FXDljMsC/Suz5vOfs3qkM6WYtKhs5fEs7rcUk9dlPaVmpDrfVbCd++fPghP51RUTSB24y/eTCMa9FMM3PE+zpcWBRW9anMo7FQZ1sOPGtAu20uKNZgFV/yASEnRDLa2OEh8ahHwOlxAAO/YHi+9c+aKuNtz9V8POoAJ75qQTjprnLwGFpWFRhsWuRX0vqL5ztmBq0HgVa+kbfQobMjVe0PUJh+RIE8wOehfDPzfzoVXe4gqjXWC5b7NO0Hla5wtxi0bgpsTr7LtYTLQxr0/d6yTGnya0vp7zl+02NsfJqd5s4SO7/1jIWdXxmGwCKK/iU+ws5/JXfVDV05S78xo+Br9aMaTJXWN+f0U5m73C52XcLiBxVBjHubUjiPG/i/+nnIH+ASgJZB6lWbLa2Fyq6VI2/ZYP9qn5LDraqW0UGugmNs8SvqdxvZA/QYgSlGd7smv04X9XiF1hYHXiwGRkRwwy/fNDzH6KB9zsIjPmC7Wc= samuel@control-plane.minikube.internal",
            "tags": null
          },
          "sensitive_attributes": [],
          "private": "eyJzY2hlbWFfdmVyc2lvbiI6IjEifQ=="
        }
      ]
    },
    {
      "mode": "managed",
      "type": "aws_launch_template",
      "name": "saleschamp-launch",
      "provider": "provider[\"registry.terraform.io/hashicorp/aws\"]",
      "instances": [
        {
          "schema_version": 0,
          "attributes": {
            "arn": "arn:aws:ec2:us-west-1:706924219932:launch-template/lt-0e59c31cdf68bbca1",
            "block_device_mappings": [
              {
                "device_name": "/dev/sdh",
                "ebs": [
                  {
                    "delete_on_termination": "",
                    "encrypted": "",
                    "iops": 0,
                    "kms_key_id": "",
                    "snapshot_id": "",
                    "throughput": 0,
                    "volume_size": 5,
                    "volume_type": "gp2"
                  }
                ],
                "no_device": "",
                "virtual_name": ""
              }
            ],
            "capacity_reservation_specification": [],
            "cpu_options": [],
            "credit_specification": [],
            "default_version": 1,
            "description": "",
            "disable_api_termination": false,
            "ebs_optimized": "",
            "elastic_gpu_specifications": [],
            "elastic_inference_accelerator": [],
            "enclave_options": [],
            "hibernation_options": [],
            "iam_instance_profile": [
              {
                "arn": "",
                "name": "saleschamp_profile"
              }
            ],
            "id": "lt-0e59c31cdf68bbca1",
            "image_id": "ami-0eb9c3d4a1f2f6bf8",
            "instance_initiated_shutdown_behavior": "terminate",
            "instance_market_options": [],
            "instance_type": "t2.micro",
            "kernel_id": "",
            "key_name": "deployer-key",
            "latest_version": 1,
            "license_specification": [],
            "metadata_options": [],
            "monitoring": [],
            "name": "saleschamp-as-20210531014415247100000002",
            "name_prefix": "saleschamp-as-",
            "network_interfaces": [],
            "placement": [],
            "ram_disk_id": "",
            "security_group_names": null,
            "tag_specifications": [
              {
                "resource_type": "instance",
                "tags": {
                  "DeployName": "main-instances",
                  "Name": "saleschamp-vm-kgd8DL4S5VE"
                }
              }
            ],
            "tags": null,
            "update_default_version": null,
            "user_data": "IyEvYmluL2Jhc2gKCiMgU2V0dXAgVXBkYXRlcwpzdWRvIGFwdCB1cGRhdGUgLXkKCiMgSW5zdGFsbCBDdXJsIGZvciB0aGUgbmV4dCBhY3Rpb24gCnN1ZG8gYXB0IGluc3RhbGwgcnVieS1mdWxsCnN1ZG8gYXB0IGluc3RhbGwgY3VybCBnaXQgbmdpbnggLXkKCgojIEluc3RhbGwgQVdTIENvZGVEZXBsb3kKY2QgL2hvbWUvdWJ1bnR1CmN1cmwgLU8gaHR0cHM6Ly9hd3MtY29kZWRlcGxveS11cy13ZXN0LTEuczMudXMtd2VzdC0xLmFtYXpvbmF3cy5jb20vbGF0ZXN0L2luc3RhbGwKY2htb2QgK3ggLi9pbnN0YWxsCnN1ZG8gLi9pbnN0YWxsIGF1dG8KCiMgU2V0dXAgTmdpbnggYW5kIFNTSCB0byBhbGxvdyBvbiBmaXJld2FsbApzdWRvIHVmdyBhbGxvdyA0NDMvdGNwCnN1ZG8gdWZ3IGFsbG93IDgwL3RjcApzdWRvIHVmdyBhbGxvdyA1MDAwL3RjcApzdWRvIHVmdyBhbGxvdyBzc2gKCgojIENvbmZpZ3VyZSBOZ2lueApzdWRvIGNhdCA8PEVPRiA+IC9ldGMvbmdpbngvc2l0ZXMtYXZhaWxhYmxlL2RlZmF1bHQKc2VydmVyIHsKCWxpc3RlbiA4MCBkZWZhdWx0X3NlcnZlcjsKCglsb2NhdGlvbiAvIHsKICAgICAgICBwcm94eV9wYXNzIGh0dHA6Ly9sb2NhbGhvc3Q6NTAwMDsKICAgICAgICBwcm94eV9odHRwX3ZlcnNpb24gMS4xOwogICAgICAgIHByb3h5X3NldF9oZWFkZXIgVXBncmFkZSBcJGh0dHBfdXBncmFkZTsKICAgICAgICBwcm94eV9zZXRfaGVhZGVyIENvbm5lY3Rpb24gJ3VwZ3JhZGUnOwogICAgICAgIHByb3h5X3NldF9oZWFkZXIgSG9zdCBcJGhvc3Q7CiAgICAgICAgcHJveHlfY2FjaGVfYnlwYXNzIFwkaHR0cF91cGdyYWRlOwogICAgfQp9CkVPRgoKCiMgUmVzdGFydCBOZ2lueApzdWRvIHN5c3RlbWN0bCByZXN0YXJ0IG5naW54CgojIERvd25sb2FkIGFuZCBydW4gTm9kZWpzIExUUyBpbnN0YWxsZXIKY3VybCAtZnNTTCBodHRwczovL2RlYi5ub2Rlc291cmNlLmNvbS9zZXR1cF9sdHMueCB8IHN1ZG8gLUUgYmFzaCAtCnN1ZG8gYXB0IGluc3RhbGwgLXkgbm9kZWpzCgojIEluc3RhbGwgUE0KbnBtIGluc3RhbGwgcG0yQGxhdGVzdCAtZwoKCgojIENyZWF0ZSBhIFBNMiBHcm91cAogZ3JvdXBhZGQgcG0yCgojIENoYW5nZSB3d3cgZGlyZWN0b3J5Z3JvdXAgb3duZXIgdG8gZ3JvdXAgcG0yCiBjaGdycCAtUiBwbTIgL3Zhci93d3cKCiMgQWRkICJ1YnVudHUiIHRvIHBtMiBncm91cAogdXNlcm1vZCAtYUcgcG0yIHVidW50dQoKIyBDcmVhdGUgYW4gQWxpYXMKZWNobyAiYWxpYXMgcG0yPSdlbnYgSE9NRT0vdmFyL3d3dyBwbTInIiA+IC9ldGMvcHJvZmlsZS5kLzAwLXBtMi5zaAoKCgoKCiMgQ2xvbmUgdGhlIFNhbGVzQ2hhbXAgcmVwbwpnaXQgY2xvbmUgaHR0cHM6Ly9naXRodWIuY29tL3RoZW1vYmlsZXByb2Yvc2FsZXNjaGFtcC5naXQgL3Zhci93d3cvc2FsZXNjaGFtcAoKIyBHbyB0byB0aGUgc2FsZXNjaGFtcCBkaXJlY3RvcnkKY2QgL3Zhci93d3cvc2FsZXNjaGFtcAoKIyBSdW4gVGhlIE5vZGVKUyBBcHAgaW4gdGhlIGJhY2tncm91bmQKbnBtIGluc3RhbGwKcG0yIHN0YXJ0IGFwcC5qcwpwbTIgc2F2ZQoK",
            "vpc_security_group_ids": [
              "sg-0a28353a1959a9cd0"
            ]
          },
          "sensitive_attributes": [],
          "private": "bnVsbA==",
          "dependencies": [
            "aws_iam_instance_profile.saleschamp_profile",
            "aws_iam_role.saleschamp-iam",
            "aws_key_pair.deployer",
            "aws_security_group.security_grp",
            "data.aws_iam_policy_document.saleschamp",
            "data.template_file.user_data",
            "module.vpc.aws_vpc.this",
            "random_id.server"
          ]
        }
      ]
    },
    {
      "mode": "managed",
      "type": "aws_lb",
      "name": "alb",
      "provider": "provider[\"registry.terraform.io/hashicorp/aws\"]",
      "instances": [
        {
          "schema_version": 0,
          "attributes": {
            "access_logs": [
              {
                "bucket": "saleschamp-applb-logs",
                "enabled": true,
                "prefix": "alb"
              }
            ],
            "arn": "arn:aws:elasticloadbalancing:us-west-1:706924219932:loadbalancer/app/saleschamp-alb/58afb4461c7d8305",
            "arn_suffix": "app/saleschamp-alb/58afb4461c7d8305",
            "customer_owned_ipv4_pool": "",
            "dns_name": "saleschamp-alb-623668609.us-west-1.elb.amazonaws.com",
            "drop_invalid_header_fields": false,
            "enable_cross_zone_load_balancing": null,
            "enable_deletion_protection": false,
            "enable_http2": true,
            "id": "arn:aws:elasticloadbalancing:us-west-1:706924219932:loadbalancer/app/saleschamp-alb/58afb4461c7d8305",
            "idle_timeout": 60,
            "internal": false,
            "ip_address_type": "ipv4",
            "load_balancer_type": "application",
            "name": "saleschamp-alb",
            "name_prefix": null,
            "security_groups": [
              "sg-0a28353a1959a9cd0"
            ],
            "subnet_mapping": [
              {
                "allocation_id": "",
                "ipv6_address": "",
                "outpost_id": "",
                "private_ipv4_address": "",
                "subnet_id": "subnet-05a4b9b32834a9c67"
              },
              {
                "allocation_id": "",
                "ipv6_address": "",
                "outpost_id": "",
                "private_ipv4_address": "",
                "subnet_id": "subnet-0b500be01aa07fd47"
              }
            ],
            "subnets": [
              "subnet-05a4b9b32834a9c67",
              "subnet-0b500be01aa07fd47"
            ],
            "tags": {
              "Environment": "production"
            },
            "timeouts": null,
            "vpc_id": "vpc-0dc11ce58fe97926e",
            "zone_id": "Z368ELLRRE2KJ0"
          },
          "sensitive_attributes": [],
          "private": "eyJlMmJmYjczMC1lY2FhLTExZTYtOGY4OC0zNDM2M2JjN2M0YzAiOnsiY3JlYXRlIjo2MDAwMDAwMDAwMDAsImRlbGV0ZSI6NjAwMDAwMDAwMDAwLCJ1cGRhdGUiOjYwMDAwMDAwMDAwMH19",
          "dependencies": [
            "aws_s3_bucket.lb_logs",
            "aws_security_group.security_grp",
            "module.vpc.aws_subnet.public",
            "module.vpc.aws_vpc.this",
            "module.vpc.aws_vpc_ipv4_cidr_block_association.this"
          ],
          "create_before_destroy": true
        }
      ]
    },
    {
      "mode": "managed",
      "type": "aws_lb_listener",
      "name": "alb_listener",
      "provider": "provider[\"registry.terraform.io/hashicorp/aws\"]",
      "instances": [
        {
          "schema_version": 0,
          "attributes": {
            "arn": "arn:aws:elasticloadbalancing:us-west-1:706924219932:listener/app/saleschamp-alb/58afb4461c7d8305/b755ac45d1f87d08",
            "certificate_arn": null,
            "default_action": [
              {
                "authenticate_cognito": [],
                "authenticate_oidc": [],
                "fixed_response": [],
                "forward": [],
                "order": 1,
                "redirect": [],
                "target_group_arn": "arn:aws:elasticloadbalancing:us-west-1:706924219932:targetgroup/saleschamp-http-vpc/8178fd84e4f4aaaf",
                "type": "forward"
              }
            ],
            "id": "arn:aws:elasticloadbalancing:us-west-1:706924219932:listener/app/saleschamp-alb/58afb4461c7d8305/b755ac45d1f87d08",
            "load_balancer_arn": "arn:aws:elasticloadbalancing:us-west-1:706924219932:loadbalancer/app/saleschamp-alb/58afb4461c7d8305",
            "port": 80,
            "protocol": "HTTP",
            "ssl_policy": "",
            "timeouts": null
          },
          "sensitive_attributes": [],
          "private": "eyJlMmJmYjczMC1lY2FhLTExZTYtOGY4OC0zNDM2M2JjN2M0YzAiOnsicmVhZCI6NjAwMDAwMDAwMDAwfX0=",
          "dependencies": [
            "aws_lb.alb",
            "aws_lb_target_group.saleschamp",
            "aws_s3_bucket.lb_logs",
            "aws_security_group.security_grp",
            "module.vpc.aws_subnet.public",
            "module.vpc.aws_vpc.this",
            "module.vpc.aws_vpc_ipv4_cidr_block_association.this"
          ]
        }
      ]
    },
    {
      "mode": "managed",
      "type": "aws_lb_target_group",
      "name": "saleschamp",
      "provider": "provider[\"registry.terraform.io/hashicorp/aws\"]",
      "instances": [
        {
          "schema_version": 0,
          "attributes": {
            "arn": "arn:aws:elasticloadbalancing:us-west-1:706924219932:targetgroup/saleschamp-http-vpc/8178fd84e4f4aaaf",
            "arn_suffix": "targetgroup/saleschamp-http-vpc/8178fd84e4f4aaaf",
            "deregistration_delay": 300,
            "health_check": [
              {
                "enabled": true,
                "healthy_threshold": 5,
                "interval": 30,
                "matcher": "200",
                "path": "/",
                "port": "traffic-port",
                "protocol": "HTTP",
                "timeout": 5,
                "unhealthy_threshold": 2
              }
            ],
            "id": "arn:aws:elasticloadbalancing:us-west-1:706924219932:targetgroup/saleschamp-http-vpc/8178fd84e4f4aaaf",
            "lambda_multi_value_headers_enabled": false,
            "load_balancing_algorithm_type": "round_robin",
            "name": "saleschamp-http-vpc",
            "name_prefix": null,
            "port": 80,
            "protocol": "HTTP",
            "protocol_version": "HTTP1",
            "proxy_protocol_v2": false,
            "slow_start": 0,
            "stickiness": [
              {
                "cookie_duration": 86400,
                "enabled": false,
                "type": "lb_cookie"
              }
            ],
            "tags": null,
            "target_type": "instance",
            "vpc_id": "vpc-0dc11ce58fe97926e"
          },
          "sensitive_attributes": [],
          "private": "bnVsbA==",
          "dependencies": [
            "aws_lb.alb",
            "aws_s3_bucket.lb_logs",
            "aws_security_group.security_grp",
            "module.vpc.aws_subnet.public",
            "module.vpc.aws_vpc.this",
            "module.vpc.aws_vpc_ipv4_cidr_block_association.this"
          ],
          "create_before_destroy": true
        }
      ]
    },
    {
      "mode": "managed",
      "type": "aws_s3_bucket",
      "name": "lb_logs",
      "provider": "provider[\"registry.terraform.io/hashicorp/aws\"]",
      "instances": [
        {
          "schema_version": 0,
          "attributes": {
            "acceleration_status": "",
            "acl": "log-delivery-write",
            "arn": "arn:aws:s3:::saleschamp-applb-logs",
            "bucket": "saleschamp-applb-logs",
            "bucket_domain_name": "saleschamp-applb-logs.s3.amazonaws.com",
            "bucket_prefix": null,
            "bucket_regional_domain_name": "saleschamp-applb-logs.s3.us-west-1.amazonaws.com",
            "cors_rule": [],
            "force_destroy": true,
            "grant": [],
            "hosted_zone_id": "Z2F56UZL2M1ACD",
            "id": "saleschamp-applb-logs",
            "lifecycle_rule": [],
            "logging": [],
            "object_lock_configuration": [],
            "policy": "{\"Id\":\"Policy\",\"Statement\":[{\"Action\":\"s3:PutObject\",\"Effect\":\"Allow\",\"Principal\":{\"AWS\":\"arn:aws:iam::027434742980:root\"},\"Resource\":\"arn:aws:s3:::saleschamp-applb-logs/alb/AWSLogs/*\"}],\"Version\":\"2012-10-17\"}",
            "region": "us-west-1",
            "replication_configuration": [],
            "request_payer": "BucketOwner",
            "server_side_encryption_configuration": [],
            "tags": null,
            "versioning": [
              {
                "enabled": false,
                "mfa_delete": false
              }
            ],
            "website": [],
            "website_domain": null,
            "website_endpoint": null
          },
          "sensitive_attributes": [],
          "private": "bnVsbA==",
          "create_before_destroy": true
        }
      ]
    },
    {
      "mode": "managed",
      "type": "aws_security_group",
      "name": "security_grp",
      "provider": "provider[\"registry.terraform.io/hashicorp/aws\"]",
      "instances": [
        {
          "schema_version": 1,
          "attributes": {
            "arn": "arn:aws:ec2:us-west-1:706924219932:security-group/sg-0a28353a1959a9cd0",
            "description": "Ingress and Egress traffic allowing http and https traffic",
            "egress": [
              {
                "cidr_blocks": [
                  "0.0.0.0/0"
                ],
                "description": "",
                "from_port": 0,
                "ipv6_cidr_blocks": [],
                "prefix_list_ids": [],
                "protocol": "-1",
                "security_groups": [],
                "self": false,
                "to_port": 0
              }
            ],
            "id": "sg-0a28353a1959a9cd0",
            "ingress": [
              {
                "cidr_blocks": [
                  "0.0.0.0/0"
                ],
                "description": "HTTP from VPC",
                "from_port": 80,
                "ipv6_cidr_blocks": [],
                "prefix_list_ids": [],
                "protocol": "tcp",
                "security_groups": [],
                "self": false,
                "to_port": 80
              },
              {
                "cidr_blocks": [
                  "0.0.0.0/0"
                ],
                "description": "SSH from VPC",
                "from_port": 22,
                "ipv6_cidr_blocks": [],
                "prefix_list_ids": [],
                "protocol": "tcp",
                "security_groups": [],
                "self": false,
                "to_port": 22
              },
              {
                "cidr_blocks": [
                  "0.0.0.0/0"
                ],
                "description": "TLS from VPC",
                "from_port": 443,
                "ipv6_cidr_blocks": [],
                "prefix_list_ids": [],
                "protocol": "tcp",
                "security_groups": [],
                "self": false,
                "to_port": 443
              }
            ],
            "name": "security_grp",
            "name_prefix": "",
            "owner_id": "706924219932",
            "revoke_rules_on_delete": false,
            "tags": null,
            "timeouts": null,
            "vpc_id": "vpc-0dc11ce58fe97926e"
          },
          "sensitive_attributes": [],
          "private": "eyJlMmJmYjczMC1lY2FhLTExZTYtOGY4OC0zNDM2M2JjN2M0YzAiOnsiY3JlYXRlIjo2MDAwMDAwMDAwMDAsImRlbGV0ZSI6NjAwMDAwMDAwMDAwfSwic2NoZW1hX3ZlcnNpb24iOiIxIn0=",
          "dependencies": [
            "module.vpc.aws_vpc.this"
          ],
          "create_before_destroy": true
        }
      ]
    },
    {
      "mode": "managed",
      "type": "random_id",
      "name": "server",
      "provider": "provider[\"registry.terraform.io/hashicorp/random\"]",
      "instances": [
        {
          "schema_version": 0,
          "attributes": {
            "b64_std": "kgd8DL4S5VE=",
            "b64_url": "kgd8DL4S5VE",
            "byte_length": 8,
            "dec": "10522515448544814417",
            "hex": "92077c0cbe12e551",
            "id": "kgd8DL4S5VE",
            "keepers": null,
            "prefix": null
          },
          "sensitive_attributes": [],
          "private": "bnVsbA=="
        }
      ]
    },
    {
      "module": "module.vpc",
      "mode": "managed",
      "type": "aws_internet_gateway",
      "name": "this",
      "provider": "provider[\"registry.terraform.io/hashicorp/aws\"]",
      "instances": [
        {
          "index_key": 0,
          "schema_version": 0,
          "attributes": {
            "arn": "arn:aws:ec2:us-west-1:706924219932:internet-gateway/igw-0c84303979730dbdd",
            "id": "igw-0c84303979730dbdd",
            "owner_id": "706924219932",
            "tags": {
              "Name": "saleschamp-vpc"
            },
            "vpc_id": "vpc-0dc11ce58fe97926e"
          },
          "sensitive_attributes": [],
          "private": "bnVsbA==",
          "dependencies": [
            "module.vpc.aws_vpc.this",
            "module.vpc.aws_vpc_ipv4_cidr_block_association.this"
          ]
        }
      ]
    },
    {
      "module": "module.vpc",
      "mode": "managed",
      "type": "aws_route",
      "name": "public_internet_gateway",
      "provider": "provider[\"registry.terraform.io/hashicorp/aws\"]",
      "instances": [
        {
          "index_key": 0,
          "schema_version": 0,
          "attributes": {
            "destination_cidr_block": "0.0.0.0/0",
            "destination_ipv6_cidr_block": "",
            "destination_prefix_list_id": "",
            "egress_only_gateway_id": "",
            "gateway_id": "igw-0c84303979730dbdd",
            "id": "r-rtb-01c20e25688c0bd701080289494",
            "instance_id": "",
            "instance_owner_id": "",
            "local_gateway_id": "",
            "nat_gateway_id": "",
            "network_interface_id": "",
            "origin": "CreateRoute",
            "route_table_id": "rtb-01c20e25688c0bd70",
            "state": "active",
            "timeouts": {
              "create": "5m",
              "delete": null
            },
            "transit_gateway_id": "",
            "vpc_endpoint_id": null,
            "vpc_peering_connection_id": ""
          },
          "sensitive_attributes": [],
          "private": "eyJlMmJmYjczMC1lY2FhLTExZTYtOGY4OC0zNDM2M2JjN2M0YzAiOnsiY3JlYXRlIjozMDAwMDAwMDAwMDAsImRlbGV0ZSI6MzAwMDAwMDAwMDAwfX0=",
          "dependencies": [
            "module.vpc.aws_internet_gateway.this",
            "module.vpc.aws_route_table.public",
            "module.vpc.aws_vpc.this",
            "module.vpc.aws_vpc_ipv4_cidr_block_association.this"
          ]
        }
      ]
    },
    {
      "module": "module.vpc",
      "mode": "managed",
      "type": "aws_route_table",
      "name": "public",
      "provider": "provider[\"registry.terraform.io/hashicorp/aws\"]",
      "instances": [
        {
          "index_key": 0,
          "schema_version": 0,
          "attributes": {
            "id": "rtb-01c20e25688c0bd70",
            "owner_id": "706924219932",
            "propagating_vgws": [],
            "route": [],
            "tags": {
              "Name": "saleschamp-vpc-public"
            },
            "vpc_id": "vpc-0dc11ce58fe97926e"
          },
          "sensitive_attributes": [],
          "private": "bnVsbA==",
          "dependencies": [
            "module.vpc.aws_vpc.this",
            "module.vpc.aws_vpc_ipv4_cidr_block_association.this"
          ]
        }
      ]
    },
    {
      "module": "module.vpc",
      "mode": "managed",
      "type": "aws_route_table_association",
      "name": "public",
      "provider": "provider[\"registry.terraform.io/hashicorp/aws\"]",
      "instances": [
        {
          "index_key": 0,
          "schema_version": 0,
          "attributes": {
            "gateway_id": null,
            "id": "rtbassoc-073d8065cfc0485f5",
            "route_table_id": "rtb-01c20e25688c0bd70",
            "subnet_id": "subnet-0b500be01aa07fd47"
          },
          "sensitive_attributes": [],
          "private": "bnVsbA==",
          "dependencies": [
            "module.vpc.aws_route_table.public",
            "module.vpc.aws_subnet.public",
            "module.vpc.aws_vpc.this",
            "module.vpc.aws_vpc_ipv4_cidr_block_association.this"
          ]
        },
        {
          "index_key": 1,
          "schema_version": 0,
          "attributes": {
            "gateway_id": null,
            "id": "rtbassoc-018a8c73f7a726f8e",
            "route_table_id": "rtb-01c20e25688c0bd70",
            "subnet_id": "subnet-05a4b9b32834a9c67"
          },
          "sensitive_attributes": [],
          "private": "bnVsbA==",
          "dependencies": [
            "module.vpc.aws_route_table.public",
            "module.vpc.aws_subnet.public",
            "module.vpc.aws_vpc.this",
            "module.vpc.aws_vpc_ipv4_cidr_block_association.this"
          ]
        }
      ]
    },
    {
      "module": "module.vpc",
      "mode": "managed",
      "type": "aws_subnet",
      "name": "public",
      "provider": "provider[\"registry.terraform.io/hashicorp/aws\"]",
      "instances": [
        {
          "index_key": 0,
          "schema_version": 1,
          "attributes": {
            "arn": "arn:aws:ec2:us-west-1:706924219932:subnet/subnet-0b500be01aa07fd47",
            "assign_ipv6_address_on_creation": false,
            "availability_zone": "us-west-1b",
            "availability_zone_id": "usw1-az3",
            "cidr_block": "10.0.101.0/24",
            "customer_owned_ipv4_pool": "",
            "id": "subnet-0b500be01aa07fd47",
            "ipv6_cidr_block": "",
            "ipv6_cidr_block_association_id": "",
            "map_customer_owned_ip_on_launch": false,
            "map_public_ip_on_launch": true,
            "outpost_arn": "",
            "owner_id": "706924219932",
            "tags": {
              "Name": "saleschamp-vpc-public-us-west-1b"
            },
            "timeouts": null,
            "vpc_id": "vpc-0dc11ce58fe97926e"
          },
          "sensitive_attributes": [],
          "private": "eyJlMmJmYjczMC1lY2FhLTExZTYtOGY4OC0zNDM2M2JjN2M0YzAiOnsiY3JlYXRlIjo2MDAwMDAwMDAwMDAsImRlbGV0ZSI6MTIwMDAwMDAwMDAwMH0sInNjaGVtYV92ZXJzaW9uIjoiMSJ9",
          "dependencies": [
            "module.vpc.aws_vpc.this",
            "module.vpc.aws_vpc_ipv4_cidr_block_association.this"
          ],
          "create_before_destroy": true
        },
        {
          "index_key": 1,
          "schema_version": 1,
          "attributes": {
            "arn": "arn:aws:ec2:us-west-1:706924219932:subnet/subnet-05a4b9b32834a9c67",
            "assign_ipv6_address_on_creation": false,
            "availability_zone": "us-west-1c",
            "availability_zone_id": "usw1-az1",
            "cidr_block": "10.0.102.0/24",
            "customer_owned_ipv4_pool": "",
            "id": "subnet-05a4b9b32834a9c67",
            "ipv6_cidr_block": "",
            "ipv6_cidr_block_association_id": "",
            "map_customer_owned_ip_on_launch": false,
            "map_public_ip_on_launch": true,
            "outpost_arn": "",
            "owner_id": "706924219932",
            "tags": {
              "Name": "saleschamp-vpc-public-us-west-1c"
            },
            "timeouts": null,
            "vpc_id": "vpc-0dc11ce58fe97926e"
          },
          "sensitive_attributes": [],
          "private": "eyJlMmJmYjczMC1lY2FhLTExZTYtOGY4OC0zNDM2M2JjN2M0YzAiOnsiY3JlYXRlIjo2MDAwMDAwMDAwMDAsImRlbGV0ZSI6MTIwMDAwMDAwMDAwMH0sInNjaGVtYV92ZXJzaW9uIjoiMSJ9",
          "dependencies": [
            "module.vpc.aws_vpc.this",
            "module.vpc.aws_vpc_ipv4_cidr_block_association.this"
          ],
          "create_before_destroy": true
        }
      ]
    },
    {
      "module": "module.vpc",
      "mode": "managed",
      "type": "aws_vpc",
      "name": "this",
      "provider": "provider[\"registry.terraform.io/hashicorp/aws\"]",
      "instances": [
        {
          "index_key": 0,
          "schema_version": 1,
          "attributes": {
            "arn": "arn:aws:ec2:us-west-1:706924219932:vpc/vpc-0dc11ce58fe97926e",
            "assign_generated_ipv6_cidr_block": false,
            "cidr_block": "10.0.0.0/16",
            "default_network_acl_id": "acl-089f0852979e13707",
            "default_route_table_id": "rtb-0513c645f1f7d415c",
            "default_security_group_id": "sg-024cca0cfa219dea9",
            "dhcp_options_id": "dopt-2b54804d",
            "enable_classiclink": false,
            "enable_classiclink_dns_support": false,
            "enable_dns_hostnames": false,
            "enable_dns_support": true,
            "id": "vpc-0dc11ce58fe97926e",
            "instance_tenancy": "default",
            "ipv6_association_id": "",
            "ipv6_cidr_block": "",
            "main_route_table_id": "rtb-0513c645f1f7d415c",
            "owner_id": "706924219932",
            "tags": {
              "Name": "saleschamp-vpc"
            }
          },
          "sensitive_attributes": [],
          "private": "eyJzY2hlbWFfdmVyc2lvbiI6IjEifQ==",
          "create_before_destroy": true
        }
      ]
    }
  ]
}
